// !$*UTF8*$!
{
	archiveVersion = 1;
	classes = {
	};
	objectVersion = 56;
	objects = {

/* Begin PBXBuildFile section */
		FE44635E29816273008FA94A /* GraphqlClientApp.swift in Sources */ = {isa = PBXBuildFile; fileRef = FE44635D29816273008FA94A /* GraphqlClientApp.swift */; };
		FE44636029816273008FA94A /* ContentView.swift in Sources */ = {isa = PBXBuildFile; fileRef = FE44635F29816273008FA94A /* ContentView.swift */; };
		FE44636229816274008FA94A /* Assets.xcassets in Resources */ = {isa = PBXBuildFile; fileRef = FE44636129816274008FA94A /* Assets.xcassets */; };
		FE44636629816274008FA94A /* Preview Assets.xcassets in Resources */ = {isa = PBXBuildFile; fileRef = FE44636529816274008FA94A /* Preview Assets.xcassets */; };
		FE4463902981730C008FA94A /* GraphClientPackage in Frameworks */ = {isa = PBXBuildFile; productRef = FE44638F2981730C008FA94A /* GraphClientPackage */; };
/* End PBXBuildFile section */

/* Begin PBXFileReference section */
		FE44635A29816273008FA94A /* GraphqlClient.app */ = {isa = PBXFileReference; explicitFileType = wrapper.application; includeInIndex = 0; path = GraphqlClient.app; sourceTree = BUILT_PRODUCTS_DIR; };
		FE44635D29816273008FA94A /* GraphqlClientApp.swift */ = {isa = PBXFileReference; lastKnownFileType = sourcecode.swift; path = GraphqlClientApp.swift; sourceTree = "<group>"; };
		FE44635F29816273008FA94A /* ContentView.swift */ = {isa = PBXFileReference; lastKnownFileType = sourcecode.swift; path = ContentView.swift; sourceTree = "<group>"; };
		FE44636129816274008FA94A /* Assets.xcassets */ = {isa = PBXFileReference; lastKnownFileType = folder.assetcatalog; path = Assets.xcassets; sourceTree = "<group>"; };
		FE44636329816274008FA94A /* GraphqlClient.entitlements */ = {isa = PBXFileReference; lastKnownFileType = text.plist.entitlements; path = GraphqlClient.entitlements; sourceTree = "<group>"; };
		FE44636529816274008FA94A /* Preview Assets.xcassets */ = {isa = PBXFileReference; lastKnownFileType = folder.assetcatalog; path = "Preview Assets.xcassets"; sourceTree = "<group>"; };
		FE44638D298172C7008FA94A /* GraphClientPackage */ = {isa = PBXFileReference; lastKnownFileType = wrapper; path = GraphClientPackage; sourceTree = "<group>"; };
		FE446397298188EC008FA94A /* users.graphql */ = {isa = PBXFileReference; lastKnownFileType = text; path = users.graphql; sourceTree = "<group>"; };
		FE446399298188EC008FA94A /* schema.graphql */ = {isa = PBXFileReference; lastKnownFileType = text; path = schema.graphql; sourceTree = "<group>"; };
		FE44639B29819B73008FA94A /* GraphiOSAutogenerated */ = {isa = PBXFileReference; lastKnownFileType = wrapper; path = GraphiOSAutogenerated; sourceTree = "<group>"; };
		FE44639C29819E03008FA94A /* README.md */ = {isa = PBXFileReference; lastKnownFileType = net.daringfireball.markdown; path = README.md; sourceTree = "<group>"; };
		FE4463A02982B39A008FA94A /* tasks.graphql */ = {isa = PBXFileReference; lastKnownFileType = text; path = tasks.graphql; sourceTree = "<group>"; };
/* End PBXFileReference section */

/* Begin PBXFrameworksBuildPhase section */
		FE44635729816273008FA94A /* Frameworks */ = {
			isa = PBXFrameworksBuildPhase;
			buildActionMask = 2147483647;
			files = (
				FE4463902981730C008FA94A /* GraphClientPackage in Frameworks */,
			);
			runOnlyForDeploymentPostprocessing = 0;
		};
/* End PBXFrameworksBuildPhase section */

/* Begin PBXGroup section */
		FE44635129816273008FA94A = {
			isa = PBXGroup;
			children = (
				FE44639C29819E03008FA94A /* README.md */,
				FE446395298188EC008FA94A /* GraphQLFiles */,
				FE44638D298172C7008FA94A /* GraphClientPackage */,
				FE44639B29819B73008FA94A /* GraphiOSAutogenerated */,
				FE44635C29816273008FA94A /* GraphqlClient */,
				FE44635B29816273008FA94A /* Products */,
				FE44638E2981730C008FA94A /* Frameworks */,
			);
			sourceTree = "<group>";
		};
		FE44635B29816273008FA94A /* Products */ = {
			isa = PBXGroup;
			children = (
				FE44635A29816273008FA94A /* GraphqlClient.app */,
			);
			name = Products;
			sourceTree = "<group>";
		};
		FE44635C29816273008FA94A /* GraphqlClient */ = {
			isa = PBXGroup;
			children = (
				FE44635D29816273008FA94A /* GraphqlClientApp.swift */,
				FE44635F29816273008FA94A /* ContentView.swift */,
				FE44636129816274008FA94A /* Assets.xcassets */,
				FE44636329816274008FA94A /* GraphqlClient.entitlements */,
				FE44636429816274008FA94A /* Preview Content */,
			);
			path = GraphqlClient;
			sourceTree = "<group>";
		};
		FE44636429816274008FA94A /* Preview Content */ = {
			isa = PBXGroup;
			children = (
				FE44636529816274008FA94A /* Preview Assets.xcassets */,
			);
			path = "Preview Content";
			sourceTree = "<group>";
		};
		FE44638E2981730C008FA94A /* Frameworks */ = {
			isa = PBXGroup;
			children = (
			);
			name = Frameworks;
			sourceTree = "<group>";
		};
		FE446395298188EC008FA94A /* GraphQLFiles */ = {
			isa = PBXGroup;
			children = (
				FE446396298188EC008FA94A /* operations */,
				FE446398298188EC008FA94A /* schema */,
			);
			path = GraphQLFiles;
			sourceTree = "<group>";
		};
		FE446396298188EC008FA94A /* operations */ = {
			isa = PBXGroup;
			children = (
				FE4463A02982B39A008FA94A /* tasks.graphql */,
				FE446397298188EC008FA94A /* users.graphql */,
			);
			path = operations;
			sourceTree = "<group>";
		};
		FE446398298188EC008FA94A /* schema */ = {
			isa = PBXGroup;
			children = (
				FE446399298188EC008FA94A /* schema.graphql */,
			);
			path = schema;
			sourceTree = "<group>";
		};
/* End PBXGroup section */

/* Begin PBXNativeTarget section */
		FE44635929816273008FA94A /* GraphqlClient */ = {
			isa = PBXNativeTarget;
			buildConfigurationList = FE44636929816274008FA94A /* Build configuration list for PBXNativeTarget "GraphqlClient" */;
			buildPhases = (
				FE44635629816273008FA94A /* Sources */,
				FE44635729816273008FA94A /* Frameworks */,
				FE44635829816273008FA94A /* Resources */,
			);
			buildRules = (
			);
			dependencies = (
			);
			name = GraphqlClient;
			packageProductDependencies = (
				FE44638F2981730C008FA94A /* GraphClientPackage */,
			);
			productName = GraphqlClient;
			productReference = FE44635A29816273008FA94A /* GraphqlClient.app */;
			productType = "com.apple.product-type.application";
		};
/* End PBXNativeTarget section */

/* Begin PBXProject section */
		FE44635229816273008FA94A /* Project object */ = {
			isa = PBXProject;
			attributes = {
				BuildIndependentTargetsInParallel = 1;
				LastSwiftUpdateCheck = 1420;
				LastUpgradeCheck = 1420;
				TargetAttributes = {
					FE44635929816273008FA94A = {
						CreatedOnToolsVersion = 14.2;
					};
				};
			};
			buildConfigurationList = FE44635529816273008FA94A /* Build configuration list for PBXProject "GraphqlClient" */;
			compatibilityVersion = "Xcode 14.0";
			developmentRegion = en;
			hasScannedForEncodings = 0;
			knownRegions = (
				en,
				Base,
			);
			mainGroup = FE44635129816273008FA94A;
			packageReferences = (
			);
			productRefGroup = FE44635B29816273008FA94A /* Products */;
			projectDirPath = "";
			projectRoot = "";
			targets = (
				FE44635929816273008FA94A /* GraphqlClient */,
			);
		};
/* End PBXProject section */

/* Begin PBXResourcesBuildPhase section */
		FE44635829816273008FA94A /* Resources */ = {
			isa = PBXResourcesBuildPhase;
			buildActionMask = 2147483647;
			files = (
				FE44636629816274008FA94A /* Preview Assets.xcassets in Resources */,
				FE44636229816274008FA94A /* Assets.xcassets in Resources */,
			);
			runOnlyForDeploymentPostprocessing = 0;
		};
/* End PBXResourcesBuildPhase section */

/* Begin PBXSourcesBuildPhase section */
		FE44635629816273008FA94A /* Sources */ = {
			isa = PBXSourcesBuildPhase;
			buildActionMask = 2147483647;
			files = (
				FE44636029816273008FA94A /* ContentView.swift in Sources */,
				FE44635E29816273008FA94A /* GraphqlClientApp.swift in Sources */,
			);
			runOnlyForDeploymentPostprocessing = 0;
		};
/* End PBXSourcesBuildPhase section */

/* Begin XCBuildConfiguration section */
		FE44636729816274008FA94A /* Debug */ = {
			isa = XCBuildConfiguration;
			buildSettings = {
				ALWAYS_SEARCH_USER_PATHS = NO;
				CLANG_ANALYZER_NONNULL = YES;
				CLANG_ANALYZER_NUMBER_OBJECT_CONVERSION = YES_AGGRESSIVE;
				CLANG_CXX_LANGUAGE_STANDARD = "gnu++20";
				CLANG_ENABLE_MODULES = YES;
				CLANG_ENABLE_OBJC_ARC = YES;
				CLANG_ENABLE_OBJC_WEAK = YES;
				CLANG_WARN_BLOCK_CAPTURE_AUTORELEASING = YES;
				CLANG_WARN_BOOL_CONVERSION = YES;
				CLANG_WARN_COMMA = YES;
				CLANG_WARN_CONSTANT_CONVERSION = YES;
				CLANG_WARN_DEPRECATED_OBJC_IMPLEMENTATIONS = YES;
				CLANG_WARN_DIRECT_OBJC_ISA_USAGE = YES_ERROR;
				CLANG_WARN_DOCUMENTATION_COMMENTS = YES;
				CLANG_WARN_EMPTY_BODY = YES;
				CLANG_WARN_ENUM_CONVERSION = YES;
				CLANG_WARN_INFINITE_RECURSION = YES;
				CLANG_WARN_INT_CONVERSION = YES;
				CLANG_WARN_NON_LITERAL_NULL_CONVERSION = YES;
				CLANG_WARN_OBJC_IMPLICIT_RETAIN_SELF = YES;
				CLANG_WARN_OBJC_LITERAL_CONVERSION = YES;
				CLANG_WARN_OBJC_ROOT_CLASS = YES_ERROR;
				CLANG_WARN_QUOTED_INCLUDE_IN_FRAMEWORK_HEADER = YES;
				CLANG_WARN_RANGE_LOOP_ANALYSIS = YES;
				CLANG_WARN_STRICT_PROTOTYPES = YES;
				CLANG_WARN_SUSPICIOUS_MOVE = YES;
				CLANG_WARN_UNGUARDED_AVAILABILITY = YES_AGGRESSIVE;
				CLANG_WARN_UNREACHABLE_CODE = YES;
				CLANG_WARN__DUPLICATE_METHOD_MATCH = YES;
				COPY_PHASE_STRIP = NO;
				DEBUG_INFORMATION_FORMAT = dwarf;
				ENABLE_STRICT_OBJC_MSGSEND = YES;
				ENABLE_TESTABILITY = YES;
				GCC_C_LANGUAGE_STANDARD = gnu11;
				GCC_DYNAMIC_NO_PIC = NO;
				GCC_NO_COMMON_BLOCKS = YES;
				GCC_OPTIMIZATION_LEVEL = 0;
				GCC_PREPROCESSOR_DEFINITIONS = (
					"DEBUG=1",
					"$(inherited)",
				);
				GCC_WARN_64_TO_32_BIT_CONVERSION = YES;
				GCC_WARN_ABOUT_RETURN_TYPE = YES_ERROR;
				GCC_WARN_UNDECLARED_SELECTOR = YES;
				GCC_WARN_UNINITIALIZED_AUTOS = YES_AGGRESSIVE;
				GCC_WARN_UNUSED_FUNCTION = YES;
				GCC_WARN_UNUSED_VARIABLE = YES;
				MTL_ENABLE_DEBUG_INFO = INCLUDE_SOURCE;
				MTL_FAST_MATH = YES;
				ONLY_ACTIVE_ARCH = YES;
				SWIFT_ACTIVE_COMPILATION_CONDITIONS = DEBUG;
				SWIFT_OPTIMIZATION_LEVEL = "-Onone";
			};
			name = Debug;
		};
		FE44636829816274008FA94A /* Release */ = {
			isa = XCBuildConfiguration;
			buildSettings = {
				ALWAYS_SEARCH_USER_PATHS = NO;
				CLANG_ANALYZER_NONNULL = YES;
				CLANG_ANALYZER_NUMBER_OBJECT_CONVERSION = YES_AGGRESSIVE;
				CLANG_CXX_LANGUAGE_STANDARD = "gnu++20";
				CLANG_ENABLE_MODULES = YES;
				CLANG_ENABLE_OBJC_ARC = YES;
				CLANG_ENABLE_OBJC_WEAK = YES;
				CLANG_WARN_BLOCK_CAPTURE_AUTORELEASING = YES;
				CLANG_WARN_BOOL_CONVERSION = YES;
				CLANG_WARN_COMMA = YES;
				CLANG_WARN_CONSTANT_CONVERSION = YES;
				CLANG_WARN_DEPRECATED_OBJC_IMPLEMENTATIONS = YES;
				CLANG_WARN_DIRECT_OBJC_ISA_USAGE = YES_ERROR;
				CLANG_WARN_DOCUMENTATION_COMMENTS = YES;
				CLANG_WARN_EMPTY_BODY = YES;
				CLANG_WARN_ENUM_CONVERSION = YES;
				CLANG_WARN_INFINITE_RECURSION = YES;
				CLANG_WARN_INT_CONVERSION = YES;
				CLANG_WARN_NON_LITERAL_NULL_CONVERSION = YES;
				CLANG_WARN_OBJC_IMPLICIT_RETAIN_SELF = YES;
				CLANG_WARN_OBJC_LITERAL_CONVERSION = YES;
				CLANG_WARN_OBJC_ROOT_CLASS = YES_ERROR;
				CLANG_WARN_QUOTED_INCLUDE_IN_FRAMEWORK_HEADER = YES;
				CLANG_WARN_RANGE_LOOP_ANALYSIS = YES;
				CLANG_WARN_STRICT_PROTOTYPES = YES;
				CLANG_WARN_SUSPICIOUS_MOVE = YES;
				CLANG_WARN_UNGUARDED_AVAILABILITY = YES_AGGRESSIVE;
				CLANG_WARN_UNREACHABLE_CODE = YES;
				CLANG_WARN__DUPLICATE_METHOD_MATCH = YES;
				COPY_PHASE_STRIP = NO;
				DEBUG_INFORMATION_FORMAT = "dwarf-with-dsym";
				ENABLE_NS_ASSERTIONS = NO;
				ENABLE_STRICT_OBJC_MSGSEND = YES;
				GCC_C_LANGUAGE_STANDARD = gnu11;
				GCC_NO_COMMON_BLOCKS = YES;
				GCC_WARN_64_TO_32_BIT_CONVERSION = YES;
				GCC_WARN_ABOUT_RETURN_TYPE = YES_ERROR;
				GCC_WARN_UNDECLARED_SELECTOR = YES;
				GCC_WARN_UNINITIALIZED_AUTOS = YES_AGGRESSIVE;
				GCC_WARN_UNUSED_FUNCTION = YES;
				GCC_WARN_UNUSED_VARIABLE = YES;
				MTL_ENABLE_DEBUG_INFO = NO;
				MTL_FAST_MATH = YES;
				SWIFT_COMPILATION_MODE = wholemodule;
				SWIFT_OPTIMIZATION_LEVEL = "-O";
			};
			name = Release;
		};
		FE44636A29816274008FA94A /* Debug */ = {
			isa = XCBuildConfiguration;
			buildSettings = {
				ASSETCATALOG_COMPILER_APPICON_NAME = AppIcon;
				ASSETCATALOG_COMPILER_GLOBAL_ACCENT_COLOR_NAME = AccentColor;
				CODE_SIGN_ENTITLEMENTS = GraphqlClient/GraphqlClient.entitlements;
				CODE_SIGN_STYLE = Automatic;
				CURRENT_PROJECT_VERSION = 1;
				DEVELOPMENT_ASSET_PATHS = "\"GraphqlClient/Preview Content\"";
				ENABLE_PREVIEWS = YES;
				GENERATE_INFOPLIST_FILE = YES;
				"INFOPLIST_KEY_UIApplicationSceneManifest_Generation[sdk=iphoneos*]" = YES;
				"INFOPLIST_KEY_UIApplicationSceneManifest_Generation[sdk=iphonesimulator*]" = YES;
				"INFOPLIST_KEY_UIApplicationSupportsIndirectInputEvents[sdk=iphoneos*]" = YES;
				"INFOPLIST_KEY_UIApplicationSupportsIndirectInputEvents[sdk=iphonesimulator*]" = YES;
				"INFOPLIST_KEY_UILaunchScreen_Generation[sdk=iphoneos*]" = YES;
				"INFOPLIST_KEY_UILaunchScreen_Generation[sdk=iphonesimulator*]" = YES;
				"INFOPLIST_KEY_UIStatusBarStyle[sdk=iphoneos*]" = UIStatusBarStyleDefault;
				"INFOPLIST_KEY_UIStatusBarStyle[sdk=iphonesimulator*]" = UIStatusBarStyleDefault;
				INFOPLIST_KEY_UISupportedInterfaceOrientations_iPad = "UIInterfaceOrientationPortrait UIInterfaceOrientationPortraitUpsideDown UIInterfaceOrientationLandscapeLeft UIInterfaceOrientationLandscapeRight";
				INFOPLIST_KEY_UISupportedInterfaceOrientations_iPhone = "UIInterfaceOrientationPortrait UIInterfaceOrientationLandscapeLeft UIInterfaceOrientationLandscapeRight";
				IPHONEOS_DEPLOYMENT_TARGET = 15.0;
				LD_RUNPATH_SEARCH_PATHS = "@executable_path/Frameworks";
				"LD_RUNPATH_SEARCH_PATHS[sdk=macosx*]" = "@executable_path/../Frameworks";
				MACOSX_DEPLOYMENT_TARGET = 12.0;
				MARKETING_VERSION = 1.0;
				PRODUCT_BUNDLE_IDENTIFIER = "com.kanstantsin-bucha.play.GraphqlClient";
				PRODUCT_NAME = "$(TARGET_NAME)";
				SDKROOT = auto;
				SUPPORTED_PLATFORMS = "iphoneos iphonesimulator macosx";
				SWIFT_EMIT_LOC_STRINGS = YES;
				SWIFT_VERSION = 5.0;
				TARGETED_DEVICE_FAMILY = "1,2";
			};
			name = Debug;
		};
		FE44636B29816274008FA94A /* Release */ = {
			isa = XCBuildConfiguration;
			buildSettings = {
				ASSETCATALOG_COMPILER_APPICON_NAME = AppIcon;
				ASSETCATALOG_COMPILER_GLOBAL_ACCENT_COLOR_NAME = AccentColor;
				CODE_SIGN_ENTITLEMENTS = GraphqlClient/GraphqlClient.entitlements;
				CODE_SIGN_STYLE = Automatic;
				CURRENT_PROJECT_VERSION = 1;
				DEVELOPMENT_ASSET_PATHS = "\"GraphqlClient/Preview Content\"";
				ENABLE_PREVIEWS = YES;
				GENERATE_INFOPLIST_FILE = YES;
				"INFOPLIST_KEY_UIApplicationSceneManifest_Generation[sdk=iphoneos*]" = YES;
				"INFOPLIST_KEY_UIApplicationSceneManifest_Generation[sdk=iphonesimulator*]" = YES;
				"INFOPLIST_KEY_UIApplicationSupportsIndirectInputEvents[sdk=iphoneos*]" = YES;
				"INFOPLIST_KEY_UIApplicationSupportsIndirectInputEvents[sdk=iphonesimulator*]" = YES;
				"INFOPLIST_KEY_UILaunchScreen_Generation[sdk=iphoneos*]" = YES;
				"INFOPLIST_KEY_UILaunchScreen_Generation[sdk=iphonesimulator*]" = YES;
				"INFOPLIST_KEY_UIStatusBarStyle[sdk=iphoneos*]" = UIStatusBarStyleDefault;
				"INFOPLIST_KEY_UIStatusBarStyle[sdk=iphonesimulator*]" = UIStatusBarStyleDefault;
				INFOPLIST_KEY_UISupportedInterfaceOrientations_iPad = "UIInterfaceOrientationPortrait UIInterfaceOrientationPortraitUpsideDown UIInterfaceOrientationLandscapeLeft UIInterfaceOrientationLandscapeRight";
				INFOPLIST_KEY_UISupportedInterfaceOrientations_iPhone = "UIInterfaceOrientationPortrait UIInterfaceOrientationLandscapeLeft UIInterfaceOrientationLandscapeRight";
				IPHONEOS_DEPLOYMENT_TARGET = 15.0;
				LD_RUNPATH_SEARCH_PATHS = "@executable_path/Frameworks";
				"LD_RUNPATH_SEARCH_PATHS[sdk=macosx*]" = "@executable_path/../Frameworks";
				MACOSX_DEPLOYMENT_TARGET = 12.0;
				MARKETING_VERSION = 1.0;
				PRODUCT_BUNDLE_IDENTIFIER = "com.kanstantsin-bucha.play.GraphqlClient";
				PRODUCT_NAME = "$(TARGET_NAME)";
				SDKROOT = auto;
				SUPPORTED_PLATFORMS = "iphoneos iphonesimulator macosx";
				SWIFT_EMIT_LOC_STRINGS = YES;
				SWIFT_VERSION = 5.0;
				TARGETED_DEVICE_FAMILY = "1,2";
			};
			name = Release;
		};
/* End XCBuildConfiguration section */

/* Begin XCConfigurationList section */
		FE44635529816273008FA94A /* Build configuration list for PBXProject "GraphqlClient" */ = {
			isa = XCConfigurationList;
			buildConfigurations = (
				FE44636729816274008FA94A /* Debug */,
				FE44636829816274008FA94A /* Release */,
			);
			defaultConfigurationIsVisible = 0;
			defaultConfigurationName = Release;
		};
		FE44636929816274008FA94A /* Build configuration list for PBXNativeTarget "GraphqlClient" */ = {
			isa = XCConfigurationList;
			buildConfigurations = (
				FE44636A29816274008FA94A /* Debug */,
				FE44636B29816274008FA94A /* Release */,
			);
			defaultConfigurationIsVisible = 0;
			defaultConfigurationName = Release;
		};
/* End XCConfigurationList section */

/* Begin XCSwiftPackageProductDependency section */
		FE44638F2981730C008FA94A /* GraphClientPackage */ = {
			isa = XCSwiftPackageProductDependency;
			productName = GraphClientPackage;
		};
/* End XCSwiftPackageProductDependency section */
	};
	rootObject = FE44635229816273008FA94A /* Project object */;
}
