// !$*UTF8*$!
{
	archiveVersion = 1;
	classes = {
	};
	objectVersion = 56;
	objects = {

/* Begin PBXBuildFile section */
		FE2B0A32298FAF9A00F425F3 /* BottomSheetSizedToFitView.swift in Sources */ = {isa = PBXBuildFile; fileRef = FE2B0A31298FAF9A00F425F3 /* BottomSheetSizedToFitView.swift */; };
		FE44633A29800790008FA94A /* SwiftUI1App.swift in Sources */ = {isa = PBXBuildFile; fileRef = FE44633929800790008FA94A /* SwiftUI1App.swift */; };
		FE44633E29800790008FA94A /* Assets.xcassets in Resources */ = {isa = PBXBuildFile; fileRef = FE44633D29800790008FA94A /* Assets.xcassets */; };
		FE44634229800790008FA94A /* Preview Assets.xcassets in Resources */ = {isa = PBXBuildFile; fileRef = FE44634129800790008FA94A /* Preview Assets.xcassets */; };
		FE446349298007A8008FA94A /* Parent.swift in Sources */ = {isa = PBXBuildFile; fileRef = FE446348298007A8008FA94A /* Parent.swift */; };
		FE44634C298010AB008FA94A /* Child.swift in Sources */ = {isa = PBXBuildFile; fileRef = FE44634B298010AB008FA94A /* Child.swift */; };
		FE44634E298013D7008FA94A /* PreviewIntro.swift in Sources */ = {isa = PBXBuildFile; fileRef = FE44634D298013D7008FA94A /* PreviewIntro.swift */; };
		FE4463502980160B008FA94A /* GeometryReader.swift in Sources */ = {isa = PBXBuildFile; fileRef = FE44634F2980160B008FA94A /* GeometryReader.swift */; };
		FE44639F2982762F008FA94A /* RadialGradientAnimation.swift in Sources */ = {isa = PBXBuildFile; fileRef = FE44639E2982762F008FA94A /* RadialGradientAnimation.swift */; };
		FE9AEF2829C737510009ABA1 /* ValueNavigationInNavigationStack.swift in Sources */ = {isa = PBXBuildFile; fileRef = FE9AEF2729C737510009ABA1 /* ValueNavigationInNavigationStack.swift */; };
/* End PBXBuildFile section */

/* Begin PBXFileReference section */
		FE2B0A31298FAF9A00F425F3 /* BottomSheetSizedToFitView.swift */ = {isa = PBXFileReference; lastKnownFileType = sourcecode.swift; path = BottomSheetSizedToFitView.swift; sourceTree = "<group>"; };
		FE2B0A34298FB8E700F425F3 /* README.md */ = {isa = PBXFileReference; lastKnownFileType = net.daringfireball.markdown; path = README.md; sourceTree = "<group>"; };
		FE44633629800790008FA94A /* SwiftUI1.app */ = {isa = PBXFileReference; explicitFileType = wrapper.application; includeInIndex = 0; path = SwiftUI1.app; sourceTree = BUILT_PRODUCTS_DIR; };
		FE44633929800790008FA94A /* SwiftUI1App.swift */ = {isa = PBXFileReference; lastKnownFileType = sourcecode.swift; path = SwiftUI1App.swift; sourceTree = "<group>"; };
		FE44633D29800790008FA94A /* Assets.xcassets */ = {isa = PBXFileReference; lastKnownFileType = folder.assetcatalog; path = Assets.xcassets; sourceTree = "<group>"; };
		FE44633F29800790008FA94A /* SwiftUI1.entitlements */ = {isa = PBXFileReference; lastKnownFileType = text.plist.entitlements; path = SwiftUI1.entitlements; sourceTree = "<group>"; };
		FE44634129800790008FA94A /* Preview Assets.xcassets */ = {isa = PBXFileReference; lastKnownFileType = folder.assetcatalog; path = "Preview Assets.xcassets"; sourceTree = "<group>"; };
		FE446348298007A8008FA94A /* Parent.swift */ = {isa = PBXFileReference; lastKnownFileType = sourcecode.swift; path = Parent.swift; sourceTree = "<group>"; };
		FE44634B298010AB008FA94A /* Child.swift */ = {isa = PBXFileReference; lastKnownFileType = sourcecode.swift; path = Child.swift; sourceTree = "<group>"; };
		FE44634D298013D7008FA94A /* PreviewIntro.swift */ = {isa = PBXFileReference; lastKnownFileType = sourcecode.swift; path = PreviewIntro.swift; sourceTree = "<group>"; };
		FE44634F2980160B008FA94A /* GeometryReader.swift */ = {isa = PBXFileReference; lastKnownFileType = sourcecode.swift; path = GeometryReader.swift; sourceTree = "<group>"; };
		FE44639E2982762F008FA94A /* RadialGradientAnimation.swift */ = {isa = PBXFileReference; lastKnownFileType = sourcecode.swift; path = RadialGradientAnimation.swift; sourceTree = "<group>"; };
		FE9AEF2729C737510009ABA1 /* ValueNavigationInNavigationStack.swift */ = {isa = PBXFileReference; lastKnownFileType = sourcecode.swift; path = ValueNavigationInNavigationStack.swift; sourceTree = "<group>"; };
/* End PBXFileReference section */

/* Begin PBXFrameworksBuildPhase section */
		FE44633329800790008FA94A /* Frameworks */ = {
			isa = PBXFrameworksBuildPhase;
			buildActionMask = 2147483647;
			files = (
			);
			runOnlyForDeploymentPostprocessing = 0;
		};
/* End PBXFrameworksBuildPhase section */

/* Begin PBXGroup section */
		FE2B0A33298FB32900F425F3 /* Views */ = {
			isa = PBXGroup;
			children = (
				FE2B0A31298FAF9A00F425F3 /* BottomSheetSizedToFitView.swift */,
				FE44634F2980160B008FA94A /* GeometryReader.swift */,
				FE44634D298013D7008FA94A /* PreviewIntro.swift */,
			);
			path = Views;
			sourceTree = "<group>";
		};
		FE44632D2980078F008FA94A = {
			isa = PBXGroup;
			children = (
				FE44633829800790008FA94A /* SwiftUI1 */,
				FE44633729800790008FA94A /* Products */,
			);
			sourceTree = "<group>";
		};
		FE44633729800790008FA94A /* Products */ = {
			isa = PBXGroup;
			children = (
				FE44633629800790008FA94A /* SwiftUI1.app */,
			);
			name = Products;
			sourceTree = "<group>";
		};
		FE44633829800790008FA94A /* SwiftUI1 */ = {
			isa = PBXGroup;
			children = (
				FE9AEF2629C737280009ABA1 /* NavigationFromiOS16 */,
				FE44639D2982760E008FA94A /* Gradients */,
				FE2B0A33298FB32900F425F3 /* Views */,
				FE44634A29801081008FA94A /* ParentChildDataFlow */,
				FE44633929800790008FA94A /* SwiftUI1App.swift */,
				FE44633D29800790008FA94A /* Assets.xcassets */,
				FE44633F29800790008FA94A /* SwiftUI1.entitlements */,
				FE44634029800790008FA94A /* Preview Content */,
				FE2B0A34298FB8E700F425F3 /* README.md */,
			);
			path = SwiftUI1;
			sourceTree = "<group>";
		};
		FE44634029800790008FA94A /* Preview Content */ = {
			isa = PBXGroup;
			children = (
				FE44634129800790008FA94A /* Preview Assets.xcassets */,
			);
			path = "Preview Content";
			sourceTree = "<group>";
		};
		FE44634A29801081008FA94A /* ParentChildDataFlow */ = {
			isa = PBXGroup;
			children = (
				FE446348298007A8008FA94A /* Parent.swift */,
				FE44634B298010AB008FA94A /* Child.swift */,
			);
			path = ParentChildDataFlow;
			sourceTree = "<group>";
		};
		FE44639D2982760E008FA94A /* Gradients */ = {
			isa = PBXGroup;
			children = (
				FE44639E2982762F008FA94A /* RadialGradientAnimation.swift */,
			);
			path = Gradients;
			sourceTree = "<group>";
		};
		FE9AEF2629C737280009ABA1 /* NavigationFromiOS16 */ = {
			isa = PBXGroup;
			children = (
				FE9AEF2729C737510009ABA1 /* ValueNavigationInNavigationStack.swift */,
			);
			path = NavigationFromiOS16;
			sourceTree = "<group>";
		};
/* End PBXGroup section */

/* Begin PBXNativeTarget section */
		FE44633529800790008FA94A /* SwiftUI1 */ = {
			isa = PBXNativeTarget;
			buildConfigurationList = FE44634529800790008FA94A /* Build configuration list for PBXNativeTarget "SwiftUI1" */;
			buildPhases = (
				FE44633229800790008FA94A /* Sources */,
				FE44633329800790008FA94A /* Frameworks */,
				FE44633429800790008FA94A /* Resources */,
			);
			buildRules = (
			);
			dependencies = (
			);
			name = SwiftUI1;
			productName = SwiftUI1;
			productReference = FE44633629800790008FA94A /* SwiftUI1.app */;
			productType = "com.apple.product-type.application";
		};
/* End PBXNativeTarget section */

/* Begin PBXProject section */
		FE44632E2980078F008FA94A /* Project object */ = {
			isa = PBXProject;
			attributes = {
				BuildIndependentTargetsInParallel = 1;
				LastSwiftUpdateCheck = 1420;
				LastUpgradeCheck = 1420;
				TargetAttributes = {
					FE44633529800790008FA94A = {
						CreatedOnToolsVersion = 14.2;
					};
				};
			};
			buildConfigurationList = FE4463312980078F008FA94A /* Build configuration list for PBXProject "SwiftUI1" */;
			compatibilityVersion = "Xcode 14.0";
			developmentRegion = en;
			hasScannedForEncodings = 0;
			knownRegions = (
				en,
				Base,
			);
			mainGroup = FE44632D2980078F008FA94A;
			productRefGroup = FE44633729800790008FA94A /* Products */;
			projectDirPath = "";
			projectRoot = "";
			targets = (
				FE44633529800790008FA94A /* SwiftUI1 */,
			);
		};
/* End PBXProject section */

/* Begin PBXResourcesBuildPhase section */
		FE44633429800790008FA94A /* Resources */ = {
			isa = PBXResourcesBuildPhase;
			buildActionMask = 2147483647;
			files = (
				FE44634229800790008FA94A /* Preview Assets.xcassets in Resources */,
				FE44633E29800790008FA94A /* Assets.xcassets in Resources */,
			);
			runOnlyForDeploymentPostprocessing = 0;
		};
/* End PBXResourcesBuildPhase section */

/* Begin PBXSourcesBuildPhase section */
		FE44633229800790008FA94A /* Sources */ = {
			isa = PBXSourcesBuildPhase;
			buildActionMask = 2147483647;
			files = (
				FE446349298007A8008FA94A /* Parent.swift in Sources */,
				FE2B0A32298FAF9A00F425F3 /* BottomSheetSizedToFitView.swift in Sources */,
				FE4463502980160B008FA94A /* GeometryReader.swift in Sources */,
				FE9AEF2829C737510009ABA1 /* ValueNavigationInNavigationStack.swift in Sources */,
				FE44634C298010AB008FA94A /* Child.swift in Sources */,
				FE44639F2982762F008FA94A /* RadialGradientAnimation.swift in Sources */,
				FE44634E298013D7008FA94A /* PreviewIntro.swift in Sources */,
				FE44633A29800790008FA94A /* SwiftUI1App.swift in Sources */,
			);
			runOnlyForDeploymentPostprocessing = 0;
		};
/* End PBXSourcesBuildPhase section */

/* Begin XCBuildConfiguration section */
		FE44634329800790008FA94A /* Debug */ = {
			isa = XCBuildConfiguration;
			buildSettings = {
				ALWAYS_SEARCH_USER_PATHS = NO;
				CLANG_ANALYZER_NONNULL = YES;
				CLANG_ANALYZER_NUMBER_OBJECT_CONVERSION = YES_AGGRESSIVE;
				CLANG_CXX_LANGUAGE_STANDARD = "gnu++20";
				CLANG_ENABLE_MODULES = YES;
				CLANG_ENABLE_OBJC_ARC = YES;
				CLANG_ENABLE_OBJC_WEAK = YES;
				CLANG_WARN_BLOCK_CAPTURE_AUTORELEASING = YES;
				CLANG_WARN_BOOL_CONVERSION = YES;
				CLANG_WARN_COMMA = YES;
				CLANG_WARN_CONSTANT_CONVERSION = YES;
				CLANG_WARN_DEPRECATED_OBJC_IMPLEMENTATIONS = YES;
				CLANG_WARN_DIRECT_OBJC_ISA_USAGE = YES_ERROR;
				CLANG_WARN_DOCUMENTATION_COMMENTS = YES;
				CLANG_WARN_EMPTY_BODY = YES;
				CLANG_WARN_ENUM_CONVERSION = YES;
				CLANG_WARN_INFINITE_RECURSION = YES;
				CLANG_WARN_INT_CONVERSION = YES;
				CLANG_WARN_NON_LITERAL_NULL_CONVERSION = YES;
				CLANG_WARN_OBJC_IMPLICIT_RETAIN_SELF = YES;
				CLANG_WARN_OBJC_LITERAL_CONVERSION = YES;
				CLANG_WARN_OBJC_ROOT_CLASS = YES_ERROR;
				CLANG_WARN_QUOTED_INCLUDE_IN_FRAMEWORK_HEADER = YES;
				CLANG_WARN_RANGE_LOOP_ANALYSIS = YES;
				CLANG_WARN_STRICT_PROTOTYPES = YES;
				CLANG_WARN_SUSPICIOUS_MOVE = YES;
				CLANG_WARN_UNGUARDED_AVAILABILITY = YES_AGGRESSIVE;
				CLANG_WARN_UNREACHABLE_CODE = YES;
				CLANG_WARN__DUPLICATE_METHOD_MATCH = YES;
				COPY_PHASE_STRIP = NO;
				DEBUG_INFORMATION_FORMAT = dwarf;
				ENABLE_STRICT_OBJC_MSGSEND = YES;
				ENABLE_TESTABILITY = YES;
				GCC_C_LANGUAGE_STANDARD = gnu11;
				GCC_DYNAMIC_NO_PIC = NO;
				GCC_NO_COMMON_BLOCKS = YES;
				GCC_OPTIMIZATION_LEVEL = 0;
				GCC_PREPROCESSOR_DEFINITIONS = (
					"DEBUG=1",
					"$(inherited)",
				);
				GCC_WARN_64_TO_32_BIT_CONVERSION = YES;
				GCC_WARN_ABOUT_RETURN_TYPE = YES_ERROR;
				GCC_WARN_UNDECLARED_SELECTOR = YES;
				GCC_WARN_UNINITIALIZED_AUTOS = YES_AGGRESSIVE;
				GCC_WARN_UNUSED_FUNCTION = YES;
				GCC_WARN_UNUSED_VARIABLE = YES;
				MTL_ENABLE_DEBUG_INFO = INCLUDE_SOURCE;
				MTL_FAST_MATH = YES;
				ONLY_ACTIVE_ARCH = YES;
				SWIFT_ACTIVE_COMPILATION_CONDITIONS = DEBUG;
				SWIFT_OPTIMIZATION_LEVEL = "-Onone";
			};
			name = Debug;
		};
		FE44634429800790008FA94A /* Release */ = {
			isa = XCBuildConfiguration;
			buildSettings = {
				ALWAYS_SEARCH_USER_PATHS = NO;
				CLANG_ANALYZER_NONNULL = YES;
				CLANG_ANALYZER_NUMBER_OBJECT_CONVERSION = YES_AGGRESSIVE;
				CLANG_CXX_LANGUAGE_STANDARD = "gnu++20";
				CLANG_ENABLE_MODULES = YES;
				CLANG_ENABLE_OBJC_ARC = YES;
				CLANG_ENABLE_OBJC_WEAK = YES;
				CLANG_WARN_BLOCK_CAPTURE_AUTORELEASING = YES;
				CLANG_WARN_BOOL_CONVERSION = YES;
				CLANG_WARN_COMMA = YES;
				CLANG_WARN_CONSTANT_CONVERSION = YES;
				CLANG_WARN_DEPRECATED_OBJC_IMPLEMENTATIONS = YES;
				CLANG_WARN_DIRECT_OBJC_ISA_USAGE = YES_ERROR;
				CLANG_WARN_DOCUMENTATION_COMMENTS = YES;
				CLANG_WARN_EMPTY_BODY = YES;
				CLANG_WARN_ENUM_CONVERSION = YES;
				CLANG_WARN_INFINITE_RECURSION = YES;
				CLANG_WARN_INT_CONVERSION = YES;
				CLANG_WARN_NON_LITERAL_NULL_CONVERSION = YES;
				CLANG_WARN_OBJC_IMPLICIT_RETAIN_SELF = YES;
				CLANG_WARN_OBJC_LITERAL_CONVERSION = YES;
				CLANG_WARN_OBJC_ROOT_CLASS = YES_ERROR;
				CLANG_WARN_QUOTED_INCLUDE_IN_FRAMEWORK_HEADER = YES;
				CLANG_WARN_RANGE_LOOP_ANALYSIS = YES;
				CLANG_WARN_STRICT_PROTOTYPES = YES;
				CLANG_WARN_SUSPICIOUS_MOVE = YES;
				CLANG_WARN_UNGUARDED_AVAILABILITY = YES_AGGRESSIVE;
				CLANG_WARN_UNREACHABLE_CODE = YES;
				CLANG_WARN__DUPLICATE_METHOD_MATCH = YES;
				COPY_PHASE_STRIP = NO;
				DEBUG_INFORMATION_FORMAT = "dwarf-with-dsym";
				ENABLE_NS_ASSERTIONS = NO;
				ENABLE_STRICT_OBJC_MSGSEND = YES;
				GCC_C_LANGUAGE_STANDARD = gnu11;
				GCC_NO_COMMON_BLOCKS = YES;
				GCC_WARN_64_TO_32_BIT_CONVERSION = YES;
				GCC_WARN_ABOUT_RETURN_TYPE = YES_ERROR;
				GCC_WARN_UNDECLARED_SELECTOR = YES;
				GCC_WARN_UNINITIALIZED_AUTOS = YES_AGGRESSIVE;
				GCC_WARN_UNUSED_FUNCTION = YES;
				GCC_WARN_UNUSED_VARIABLE = YES;
				MTL_ENABLE_DEBUG_INFO = NO;
				MTL_FAST_MATH = YES;
				SWIFT_COMPILATION_MODE = wholemodule;
				SWIFT_OPTIMIZATION_LEVEL = "-O";
			};
			name = Release;
		};
		FE44634629800790008FA94A /* Debug */ = {
			isa = XCBuildConfiguration;
			buildSettings = {
				ASSETCATALOG_COMPILER_APPICON_NAME = AppIcon;
				ASSETCATALOG_COMPILER_GLOBAL_ACCENT_COLOR_NAME = AccentColor;
				CODE_SIGN_ENTITLEMENTS = SwiftUI1/SwiftUI1.entitlements;
				CODE_SIGN_STYLE = Automatic;
				CURRENT_PROJECT_VERSION = 1;
				DEVELOPMENT_ASSET_PATHS = "\"SwiftUI1/Preview Content\"";
				ENABLE_PREVIEWS = YES;
				GENERATE_INFOPLIST_FILE = YES;
				"INFOPLIST_KEY_UIApplicationSceneManifest_Generation[sdk=iphoneos*]" = YES;
				"INFOPLIST_KEY_UIApplicationSceneManifest_Generation[sdk=iphonesimulator*]" = YES;
				"INFOPLIST_KEY_UIApplicationSupportsIndirectInputEvents[sdk=iphoneos*]" = YES;
				"INFOPLIST_KEY_UIApplicationSupportsIndirectInputEvents[sdk=iphonesimulator*]" = YES;
				"INFOPLIST_KEY_UILaunchScreen_Generation[sdk=iphoneos*]" = YES;
				"INFOPLIST_KEY_UILaunchScreen_Generation[sdk=iphonesimulator*]" = YES;
				"INFOPLIST_KEY_UIStatusBarStyle[sdk=iphoneos*]" = UIStatusBarStyleDefault;
				"INFOPLIST_KEY_UIStatusBarStyle[sdk=iphonesimulator*]" = UIStatusBarStyleDefault;
				INFOPLIST_KEY_UISupportedInterfaceOrientations_iPad = "UIInterfaceOrientationPortrait UIInterfaceOrientationPortraitUpsideDown UIInterfaceOrientationLandscapeLeft UIInterfaceOrientationLandscapeRight";
				INFOPLIST_KEY_UISupportedInterfaceOrientations_iPhone = "UIInterfaceOrientationPortrait UIInterfaceOrientationLandscapeLeft UIInterfaceOrientationLandscapeRight";
				IPHONEOS_DEPLOYMENT_TARGET = 15.0;
				LD_RUNPATH_SEARCH_PATHS = "@executable_path/Frameworks";
				"LD_RUNPATH_SEARCH_PATHS[sdk=macosx*]" = "@executable_path/../Frameworks";
				MACOSX_DEPLOYMENT_TARGET = 13.1;
				MARKETING_VERSION = 1.0;
				PRODUCT_BUNDLE_IDENTIFIER = "com.kanstantsin-bucha.play.SwiftUI1";
				PRODUCT_NAME = "$(TARGET_NAME)";
				SDKROOT = auto;
				SUPPORTED_PLATFORMS = "iphoneos iphonesimulator macosx";
				SWIFT_EMIT_LOC_STRINGS = YES;
				SWIFT_VERSION = 5.0;
				TARGETED_DEVICE_FAMILY = "1,2";
			};
			name = Debug;
		};
		FE44634729800790008FA94A /* Release */ = {
			isa = XCBuildConfiguration;
			buildSettings = {
				ASSETCATALOG_COMPILER_APPICON_NAME = AppIcon;
				ASSETCATALOG_COMPILER_GLOBAL_ACCENT_COLOR_NAME = AccentColor;
				CODE_SIGN_ENTITLEMENTS = SwiftUI1/SwiftUI1.entitlements;
				CODE_SIGN_STYLE = Automatic;
				CURRENT_PROJECT_VERSION = 1;
				DEVELOPMENT_ASSET_PATHS = "\"SwiftUI1/Preview Content\"";
				ENABLE_PREVIEWS = YES;
				GENERATE_INFOPLIST_FILE = YES;
				"INFOPLIST_KEY_UIApplicationSceneManifest_Generation[sdk=iphoneos*]" = YES;
				"INFOPLIST_KEY_UIApplicationSceneManifest_Generation[sdk=iphonesimulator*]" = YES;
				"INFOPLIST_KEY_UIApplicationSupportsIndirectInputEvents[sdk=iphoneos*]" = YES;
				"INFOPLIST_KEY_UIApplicationSupportsIndirectInputEvents[sdk=iphonesimulator*]" = YES;
				"INFOPLIST_KEY_UILaunchScreen_Generation[sdk=iphoneos*]" = YES;
				"INFOPLIST_KEY_UILaunchScreen_Generation[sdk=iphonesimulator*]" = YES;
				"INFOPLIST_KEY_UIStatusBarStyle[sdk=iphoneos*]" = UIStatusBarStyleDefault;
				"INFOPLIST_KEY_UIStatusBarStyle[sdk=iphonesimulator*]" = UIStatusBarStyleDefault;
				INFOPLIST_KEY_UISupportedInterfaceOrientations_iPad = "UIInterfaceOrientationPortrait UIInterfaceOrientationPortraitUpsideDown UIInterfaceOrientationLandscapeLeft UIInterfaceOrientationLandscapeRight";
				INFOPLIST_KEY_UISupportedInterfaceOrientations_iPhone = "UIInterfaceOrientationPortrait UIInterfaceOrientationLandscapeLeft UIInterfaceOrientationLandscapeRight";
				IPHONEOS_DEPLOYMENT_TARGET = 15.0;
				LD_RUNPATH_SEARCH_PATHS = "@executable_path/Frameworks";
				"LD_RUNPATH_SEARCH_PATHS[sdk=macosx*]" = "@executable_path/../Frameworks";
				MACOSX_DEPLOYMENT_TARGET = 13.1;
				MARKETING_VERSION = 1.0;
				PRODUCT_BUNDLE_IDENTIFIER = "com.kanstantsin-bucha.play.SwiftUI1";
				PRODUCT_NAME = "$(TARGET_NAME)";
				SDKROOT = auto;
				SUPPORTED_PLATFORMS = "iphoneos iphonesimulator macosx";
				SWIFT_EMIT_LOC_STRINGS = YES;
				SWIFT_VERSION = 5.0;
				TARGETED_DEVICE_FAMILY = "1,2";
			};
			name = Release;
		};
/* End XCBuildConfiguration section */

/* Begin XCConfigurationList section */
		FE4463312980078F008FA94A /* Build configuration list for PBXProject "SwiftUI1" */ = {
			isa = XCConfigurationList;
			buildConfigurations = (
				FE44634329800790008FA94A /* Debug */,
				FE44634429800790008FA94A /* Release */,
			);
			defaultConfigurationIsVisible = 0;
			defaultConfigurationName = Release;
		};
		FE44634529800790008FA94A /* Build configuration list for PBXNativeTarget "SwiftUI1" */ = {
			isa = XCConfigurationList;
			buildConfigurations = (
				FE44634629800790008FA94A /* Debug */,
				FE44634729800790008FA94A /* Release */,
			);
			defaultConfigurationIsVisible = 0;
			defaultConfigurationName = Release;
		};
/* End XCConfigurationList section */
	};
	rootObject = FE44632E2980078F008FA94A /* Project object */;
}
