// !$*UTF8*$!
{
	archiveVersion = 1;
	classes = {
	};
	objectVersion = 56;
	objects = {

/* Begin PBXBuildFile section */
		AC028F0F29AF922400765C32 /* HidingAndGroupingAccessibilityDataView.swift in Sources */ = {isa = PBXBuildFile; fileRef = AC028F0E29AF922400765C32 /* HidingAndGroupingAccessibilityDataView.swift */; };
		AC028F1129AF9DC400765C32 /* ReadingTheValueOfControlsView.swift in Sources */ = {isa = PBXBuildFile; fileRef = AC028F1029AF9DC400765C32 /* ReadingTheValueOfControlsView.swift */; };
		AC19E36B29E59D3700D10BC8 /* CoreHapticsView.swift in Sources */ = {isa = PBXBuildFile; fileRef = AC19E36A29E59D3700D10BC8 /* CoreHapticsView.swift */; };
		AC19E36F29E8324800D10BC8 /* HitTestingView.swift in Sources */ = {isa = PBXBuildFile; fileRef = AC19E36E29E8324800D10BC8 /* HitTestingView.swift */; };
		AC19E37129EEBF1D00D10BC8 /* UsingTimerView.swift in Sources */ = {isa = PBXBuildFile; fileRef = AC19E37029EEBF1D00D10BC8 /* UsingTimerView.swift */; };
		AC19E37329EEC29300D10BC8 /* NotifiedBackgroundView.swift in Sources */ = {isa = PBXBuildFile; fileRef = AC19E37229EEC29300D10BC8 /* NotifiedBackgroundView.swift */; };
		AC19E37729EFC4B600D10BC8 /* AccessibilityView.swift in Sources */ = {isa = PBXBuildFile; fileRef = AC19E37629EFC4B600D10BC8 /* AccessibilityView.swift */; };
		AC19E37929EFC87700D10BC8 /* ReduceMotionAccessibilityView.swift in Sources */ = {isa = PBXBuildFile; fileRef = AC19E37829EFC87700D10BC8 /* ReduceMotionAccessibilityView.swift */; };
		AC19E37B29EFCE3300D10BC8 /* ReduceMotionAccessibility2View.swift in Sources */ = {isa = PBXBuildFile; fileRef = AC19E37A29EFCE3300D10BC8 /* ReduceMotionAccessibility2View.swift */; };
		AC19E37D29EFD10F00D10BC8 /* ReduceTransparencyView.swift in Sources */ = {isa = PBXBuildFile; fileRef = AC19E37C29EFD10F00D10BC8 /* ReduceTransparencyView.swift */; };
		AC1D5B5E298AADBE00241F24 /* DrawingPathView.swift in Sources */ = {isa = PBXBuildFile; fileRef = AC1D5B5D298AADBE00241F24 /* DrawingPathView.swift */; };
		AC1D5B60298AAFF800241F24 /* DrawingShapeView.swift in Sources */ = {isa = PBXBuildFile; fileRef = AC1D5B5F298AAFF800241F24 /* DrawingShapeView.swift */; };
		AC1D5B62298ABC7F00241F24 /* InsettableShapeView.swift in Sources */ = {isa = PBXBuildFile; fileRef = AC1D5B61298ABC7F00241F24 /* InsettableShapeView.swift */; };
		AC1D5B64298BC6F100241F24 /* FlowerShapeView.swift in Sources */ = {isa = PBXBuildFile; fileRef = AC1D5B63298BC6F100241F24 /* FlowerShapeView.swift */; };
		AC1D5B66298BD74D00241F24 /* BorderImageView.swift in Sources */ = {isa = PBXBuildFile; fileRef = AC1D5B65298BD74D00241F24 /* BorderImageView.swift */; };
		AC1D5B68298BE1E600241F24 /* ColorCyclingView.swift in Sources */ = {isa = PBXBuildFile; fileRef = AC1D5B67298BE1E600241F24 /* ColorCyclingView.swift */; };
		AC1D5B6A298BEE4800241F24 /* SpecialEffectsView.swift in Sources */ = {isa = PBXBuildFile; fileRef = AC1D5B69298BEE4800241F24 /* SpecialEffectsView.swift */; };
		AC1D5B6C298BF06000241F24 /* ColoredCirclesView.swift in Sources */ = {isa = PBXBuildFile; fileRef = AC1D5B6B298BF06000241F24 /* ColoredCirclesView.swift */; };
		AC1D5B6E298BF31B00241F24 /* BlursEffectView.swift in Sources */ = {isa = PBXBuildFile; fileRef = AC1D5B6D298BF31B00241F24 /* BlursEffectView.swift */; };
		AC1D5B70298C08A200241F24 /* TrapezoidView.swift in Sources */ = {isa = PBXBuildFile; fileRef = AC1D5B6F298C08A200241F24 /* TrapezoidView.swift */; };
		AC1D5B72298C13AE00241F24 /* CheckerBoardView.swift in Sources */ = {isa = PBXBuildFile; fileRef = AC1D5B71298C13AE00241F24 /* CheckerBoardView.swift */; };
		AC1D5B74298C310600241F24 /* SpirographView.swift in Sources */ = {isa = PBXBuildFile; fileRef = AC1D5B73298C310600241F24 /* SpirographView.swift */; };
		AC4D66DC2A0A681C009334E7 /* Alignment&alignmentGuidesView.swift in Sources */ = {isa = PBXBuildFile; fileRef = AC4D66DB2A0A681C009334E7 /* Alignment&alignmentGuidesView.swift */; };
		AC4D66DE2A0B88FE009334E7 /* CustomAlignmentGuideView.swift in Sources */ = {isa = PBXBuildFile; fileRef = AC4D66DD2A0B88FE009334E7 /* CustomAlignmentGuideView.swift */; };
		AC4D66E02A0B96B8009334E7 /* AbsolutePositioningView.swift in Sources */ = {isa = PBXBuildFile; fileRef = AC4D66DF2A0B96B8009334E7 /* AbsolutePositioningView.swift */; };
		AC4D66E22A0B9D6B009334E7 /* FrameAndCoordinateView.swift in Sources */ = {isa = PBXBuildFile; fileRef = AC4D66E12A0B9D6B009334E7 /* FrameAndCoordinateView.swift */; };
		AC4D66E62A0E4798009334E7 /* ScrollViewWithGeometryReaderView.swift in Sources */ = {isa = PBXBuildFile; fileRef = AC4D66E52A0E4798009334E7 /* ScrollViewWithGeometryReaderView.swift */; };
		AC4D66E82A0E534F009334E7 /* HorizontalScrollViewWithGeometryReaderView.swift in Sources */ = {isa = PBXBuildFile; fileRef = AC4D66E72A0E534F009334E7 /* HorizontalScrollViewWithGeometryReaderView.swift */; };
		AC4D66EA2A123382009334E7 /* TwoSidesSwiftUIView.swift in Sources */ = {isa = PBXBuildFile; fileRef = AC4D66E92A123382009334E7 /* TwoSidesSwiftUIView.swift */; };
		AC4D66EC2A124679009334E7 /* OptionalAlertAndSheetView.swift in Sources */ = {isa = PBXBuildFile; fileRef = AC4D66EB2A124679009334E7 /* OptionalAlertAndSheetView.swift */; };
		AC4D66EE2A124E27009334E7 /* GroupTransparentLayoutView.swift in Sources */ = {isa = PBXBuildFile; fileRef = AC4D66ED2A124E27009334E7 /* GroupTransparentLayoutView.swift */; };
		AC52F4E5297E7722005006E8 /* Term&ConditionView.swift in Sources */ = {isa = PBXBuildFile; fileRef = AC52F4E4297E7722005006E8 /* Term&ConditionView.swift */; };
		AC52F4E7297E9AA8005006E8 /* StepperView.swift in Sources */ = {isa = PBXBuildFile; fileRef = AC52F4E6297E9AA8005006E8 /* StepperView.swift */; };
		AC52F4E9297E9D45005006E8 /* DatePickerView.swift in Sources */ = {isa = PBXBuildFile; fileRef = AC52F4E8297E9D45005006E8 /* DatePickerView.swift */; };
		AC52F4EB297EABF3005006E8 /* ListView.swift in Sources */ = {isa = PBXBuildFile; fileRef = AC52F4EA297EABF3005006E8 /* ListView.swift */; };
		AC5E59F929780BE400290E31 /* _00DaysApp.swift in Sources */ = {isa = PBXBuildFile; fileRef = AC5E59F829780BE400290E31 /* _00DaysApp.swift */; };
		AC5E59FB29780BE400290E31 /* ContentView.swift in Sources */ = {isa = PBXBuildFile; fileRef = AC5E59FA29780BE400290E31 /* ContentView.swift */; };
		AC5E59FD29780BE400290E31 /* Assets.xcassets in Resources */ = {isa = PBXBuildFile; fileRef = AC5E59FC29780BE400290E31 /* Assets.xcassets */; };
		AC5E5A0029780BE400290E31 /* Preview Assets.xcassets in Resources */ = {isa = PBXBuildFile; fileRef = AC5E59FF29780BE400290E31 /* Preview Assets.xcassets */; };
		AC5E5A0A29780BE400290E31 /* _00DaysTests.swift in Sources */ = {isa = PBXBuildFile; fileRef = AC5E5A0929780BE400290E31 /* _00DaysTests.swift */; };
		AC5E5A1429780BE400290E31 /* _00DaysUITests.swift in Sources */ = {isa = PBXBuildFile; fileRef = AC5E5A1329780BE400290E31 /* _00DaysUITests.swift */; };
		AC5E5A1629780BE400290E31 /* _00DaysUITestsLaunchTests.swift in Sources */ = {isa = PBXBuildFile; fileRef = AC5E5A1529780BE400290E31 /* _00DaysUITestsLaunchTests.swift */; };
		AC5E5A5B29796F9400290E31 /* ViewModifierView.swift in Sources */ = {isa = PBXBuildFile; fileRef = AC5E5A5A29796F9400290E31 /* ViewModifierView.swift */; };
		AC5E5A5D2979A66800290E31 /* GridStackView.swift in Sources */ = {isa = PBXBuildFile; fileRef = AC5E5A5C2979A66800290E31 /* GridStackView.swift */; };
		AC5E5A61297AAE3200290E31 /*  BindingView.swift in Sources */ = {isa = PBXBuildFile; fileRef = AC5E5A60297AAE3200290E31 /*  BindingView.swift */; };
		AC7FE5E42987AE600036E736 /* ResizingImageView.swift in Sources */ = {isa = PBXBuildFile; fileRef = AC7FE5E32987AE600036E736 /* ResizingImageView.swift */; };
		AC7FE5E62987B3BF0036E736 /* ScrollViewExampleView.swift in Sources */ = {isa = PBXBuildFile; fileRef = AC7FE5E52987B3BF0036E736 /* ScrollViewExampleView.swift */; };
		AC7FE5E82987C5360036E736 /* NavigationLinkView.swift in Sources */ = {isa = PBXBuildFile; fileRef = AC7FE5E72987C5360036E736 /* NavigationLinkView.swift */; };
		AC7FE5EA2987CCC20036E736 /* HierarchicalCodableDataView.swift in Sources */ = {isa = PBXBuildFile; fileRef = AC7FE5E92987CCC20036E736 /* HierarchicalCodableDataView.swift */; };
		AC7FE5EC2987D9920036E736 /* ScrollingGridView.swift in Sources */ = {isa = PBXBuildFile; fileRef = AC7FE5EB2987D9920036E736 /* ScrollingGridView.swift */; };
		AC819C3229922ED1009F7522 /* CodableConformanceView.swift in Sources */ = {isa = PBXBuildFile; fileRef = AC819C3129922ED1009F7522 /* CodableConformanceView.swift */; };
		AC819C3429924298009F7522 /* CodableDataView.swift in Sources */ = {isa = PBXBuildFile; fileRef = AC819C3329924298009F7522 /* CodableDataView.swift */; };
		AC819C5629928669009F7522 /* LoadingImageFromServerView.swift in Sources */ = {isa = PBXBuildFile; fileRef = AC819C5529928669009F7522 /* LoadingImageFromServerView.swift */; };
		AC819C5829928B92009F7522 /* ValidatingFormView.swift in Sources */ = {isa = PBXBuildFile; fileRef = AC819C5729928B92009F7522 /* ValidatingFormView.swift */; };
		AC819C942994E4F3009F7522 /* CustomComponentWith@BindingView.swift in Sources */ = {isa = PBXBuildFile; fileRef = AC819C932994E4F3009F7522 /* CustomComponentWith@BindingView.swift */; };
		AC819C962994FAE3009F7522 /* TextEditorView.swift in Sources */ = {isa = PBXBuildFile; fileRef = AC819C952994FAE3009F7522 /* TextEditorView.swift */; };
		AC819CA729969167009F7522 /* CoreDataView.swift in Sources */ = {isa = PBXBuildFile; fileRef = AC819CA629969167009F7522 /* CoreDataView.swift */; };
		ACA7F7632981161B003B91AB /* AnimationView.swift in Sources */ = {isa = PBXBuildFile; fileRef = ACA7F7622981161B003B91AB /* AnimationView.swift */; };
		ACA7F76729815CEA003B91AB /* DragView.swift in Sources */ = {isa = PBXBuildFile; fileRef = ACA7F76629815CEA003B91AB /* DragView.swift */; };
		ACA7F769298160DC003B91AB /* ShowingAndHidingView.swift in Sources */ = {isa = PBXBuildFile; fileRef = ACA7F768298160DC003B91AB /* ShowingAndHidingView.swift */; };
		ACA7F76B29816B70003B91AB /* CustomModifierView.swift in Sources */ = {isa = PBXBuildFile; fileRef = ACA7F76A29816B70003B91AB /* CustomModifierView.swift */; };
		ACA96DB62983C19600E557F8 /* SheetView.swift in Sources */ = {isa = PBXBuildFile; fileRef = ACA96DB52983C19600E557F8 /* SheetView.swift */; };
		ACA96DB82983D9B900E557F8 /* DeletingView.swift in Sources */ = {isa = PBXBuildFile; fileRef = ACA96DB72983D9B900E557F8 /* DeletingView.swift */; };
		ACA96DBA2983E19000E557F8 /* UserDefaultView.swift in Sources */ = {isa = PBXBuildFile; fileRef = ACA96DB92983E19000E557F8 /* UserDefaultView.swift */; };
		ACA96DBC2983E4E500E557F8 /* AppStorageView.swift in Sources */ = {isa = PBXBuildFile; fileRef = ACA96DBB2983E4E500E557F8 /* AppStorageView.swift */; };
		ACE404CC29BA2804007DC8DA /* EnvironmentObjectView.swift in Sources */ = {isa = PBXBuildFile; fileRef = ACE404CB29BA2804007DC8DA /* EnvironmentObjectView.swift */; };
		ACE404CE29BA2AE4007DC8DA /* TabExampleView.swift in Sources */ = {isa = PBXBuildFile; fileRef = ACE404CD29BA2AE4007DC8DA /* TabExampleView.swift */; };
		ACE404D029BA327A007DC8DA /* ObservableObjectChangesView.swift in Sources */ = {isa = PBXBuildFile; fileRef = ACE404CF29BA327A007DC8DA /* ObservableObjectChangesView.swift */; };
		ACE404D229BB38AC007DC8DA /* ResultTypeView.swift in Sources */ = {isa = PBXBuildFile; fileRef = ACE404D129BB38AC007DC8DA /* ResultTypeView.swift */; };
		ACE404D429BB4318007DC8DA /* ControllingImageInterpolationView.swift in Sources */ = {isa = PBXBuildFile; fileRef = ACE404D329BB4318007DC8DA /* ControllingImageInterpolationView.swift */; };
		ACE404D629BB45A2007DC8DA /* ContextMenusView.swift in Sources */ = {isa = PBXBuildFile; fileRef = ACE404D529BB45A2007DC8DA /* ContextMenusView.swift */; };
		ACE404D829BB53A6007DC8DA /* SwipeActionsView.swift in Sources */ = {isa = PBXBuildFile; fileRef = ACE404D729BB53A6007DC8DA /* SwipeActionsView.swift */; };
		ACE404DA29BB632B007DC8DA /* SchedulingLocalNotificationView.swift in Sources */ = {isa = PBXBuildFile; fileRef = ACE404D929BB632B007DC8DA /* SchedulingLocalNotificationView.swift */; };
		ACE404DE29BB7021007DC8DA /* SwiftPackageView.swift in Sources */ = {isa = PBXBuildFile; fileRef = ACE404DD29BB7021007DC8DA /* SwiftPackageView.swift */; };
		ACEE81202A0621D5004BEF80 /* Layout&GeometryView.swift in Sources */ = {isa = PBXBuildFile; fileRef = ACEE811F2A0621D5004BEF80 /* Layout&GeometryView.swift */; };
		ACEF2732299E481F00364257 /* RespondingToStateChangesView.swift in Sources */ = {isa = PBXBuildFile; fileRef = ACEF2731299E481F00364257 /* RespondingToStateChangesView.swift */; };
		ACEF2734299E501400364257 /* ConfirmationDialogView.swift in Sources */ = {isa = PBXBuildFile; fileRef = ACEF2733299E501400364257 /* ConfirmationDialogView.swift */; };
		ACEF2736299E59A600364257 /* IntegratingCoreImageView.swift in Sources */ = {isa = PBXBuildFile; fileRef = ACEF2735299E59A600364257 /* IntegratingCoreImageView.swift */; };
		ACEF2738299E703100364257 /* WrappingUIViewControllerInSwiftUIView.swift in Sources */ = {isa = PBXBuildFile; fileRef = ACEF2737299E703100364257 /* WrappingUIViewControllerInSwiftUIView.swift */; };
		ACEF273A299E72EB00364257 /* ImagePicker.swift in Sources */ = {isa = PBXBuildFile; fileRef = ACEF2739299E72EB00364257 /* ImagePicker.swift */; };
		ACEF273C299E9D9C00364257 /* ImageSaver.swift in Sources */ = {isa = PBXBuildFile; fileRef = ACEF273B299E9D9C00364257 /* ImageSaver.swift */; };
		ACEF275E29A50EBC00364257 /* ConformanceToComparableView.swift in Sources */ = {isa = PBXBuildFile; fileRef = ACEF275D29A50EBC00364257 /* ConformanceToComparableView.swift */; };
		ACEF276029A514C300364257 /* DataToDocumentsDirectoryView.swift in Sources */ = {isa = PBXBuildFile; fileRef = ACEF275F29A514C300364257 /* DataToDocumentsDirectoryView.swift */; };
		ACEF276229A52BD300364257 /* SwitchStatesEnumView.swift in Sources */ = {isa = PBXBuildFile; fileRef = ACEF276129A52BD300364257 /* SwitchStatesEnumView.swift */; };
		ACEF276429A52E5B00364257 /*  MapKitIntegratingView.swift in Sources */ = {isa = PBXBuildFile; fileRef = ACEF276329A52E5B00364257 /*  MapKitIntegratingView.swift */; };
		ACEF278429A652AE00364257 /* TouchIDandFaceIDView.swift in Sources */ = {isa = PBXBuildFile; fileRef = ACEF278329A652AE00364257 /* TouchIDandFaceIDView.swift */; };
		ACEF278629A66FFA00364257 /* UserLocationsToMapView.swift in Sources */ = {isa = PBXBuildFile; fileRef = ACEF278529A66FFA00364257 /* UserLocationsToMapView.swift */; };
		ACEF278829A6766E00364257 /* SecondLocation.swift in Sources */ = {isa = PBXBuildFile; fileRef = ACEF278729A6766E00364257 /* SecondLocation.swift */; };
		ACEF278A29A8F00E00364257 /* EditView.swift in Sources */ = {isa = PBXBuildFile; fileRef = ACEF278929A8F00E00364257 /* EditView.swift */; };
/* End PBXBuildFile section */

/* Begin PBXContainerItemProxy section */
		AC5E5A0629780BE400290E31 /* PBXContainerItemProxy */ = {
			isa = PBXContainerItemProxy;
			containerPortal = AC5E59ED29780BE400290E31 /* Project object */;
			proxyType = 1;
			remoteGlobalIDString = AC5E59F429780BE400290E31;
			remoteInfo = 100Days;
		};
		AC5E5A1029780BE400290E31 /* PBXContainerItemProxy */ = {
			isa = PBXContainerItemProxy;
			containerPortal = AC5E59ED29780BE400290E31 /* Project object */;
			proxyType = 1;
			remoteGlobalIDString = AC5E59F429780BE400290E31;
			remoteInfo = 100Days;
		};
/* End PBXContainerItemProxy section */

/* Begin PBXFileReference section */
		AC028F0E29AF922400765C32 /* HidingAndGroupingAccessibilityDataView.swift */ = {isa = PBXFileReference; lastKnownFileType = sourcecode.swift; path = HidingAndGroupingAccessibilityDataView.swift; sourceTree = "<group>"; };
		AC028F1029AF9DC400765C32 /* ReadingTheValueOfControlsView.swift */ = {isa = PBXFileReference; lastKnownFileType = sourcecode.swift; path = ReadingTheValueOfControlsView.swift; sourceTree = "<group>"; };
		AC19E36A29E59D3700D10BC8 /* CoreHapticsView.swift */ = {isa = PBXFileReference; lastKnownFileType = sourcecode.swift; path = CoreHapticsView.swift; sourceTree = "<group>"; };
		AC19E36E29E8324800D10BC8 /* HitTestingView.swift */ = {isa = PBXFileReference; lastKnownFileType = sourcecode.swift; path = HitTestingView.swift; sourceTree = "<group>"; };
		AC19E37029EEBF1D00D10BC8 /* UsingTimerView.swift */ = {isa = PBXFileReference; lastKnownFileType = sourcecode.swift; path = UsingTimerView.swift; sourceTree = "<group>"; };
		AC19E37229EEC29300D10BC8 /* NotifiedBackgroundView.swift */ = {isa = PBXFileReference; lastKnownFileType = sourcecode.swift; path = NotifiedBackgroundView.swift; sourceTree = "<group>"; };
		AC19E37629EFC4B600D10BC8 /* AccessibilityView.swift */ = {isa = PBXFileReference; lastKnownFileType = sourcecode.swift; path = AccessibilityView.swift; sourceTree = "<group>"; };
		AC19E37829EFC87700D10BC8 /* ReduceMotionAccessibilityView.swift */ = {isa = PBXFileReference; lastKnownFileType = sourcecode.swift; path = ReduceMotionAccessibilityView.swift; sourceTree = "<group>"; };
		AC19E37A29EFCE3300D10BC8 /* ReduceMotionAccessibility2View.swift */ = {isa = PBXFileReference; lastKnownFileType = sourcecode.swift; path = ReduceMotionAccessibility2View.swift; sourceTree = "<group>"; };
		AC19E37C29EFD10F00D10BC8 /* ReduceTransparencyView.swift */ = {isa = PBXFileReference; lastKnownFileType = sourcecode.swift; path = ReduceTransparencyView.swift; sourceTree = "<group>"; };
		AC1D5B5D298AADBE00241F24 /* DrawingPathView.swift */ = {isa = PBXFileReference; lastKnownFileType = sourcecode.swift; path = DrawingPathView.swift; sourceTree = "<group>"; };
		AC1D5B5F298AAFF800241F24 /* DrawingShapeView.swift */ = {isa = PBXFileReference; lastKnownFileType = sourcecode.swift; path = DrawingShapeView.swift; sourceTree = "<group>"; };
		AC1D5B61298ABC7F00241F24 /* InsettableShapeView.swift */ = {isa = PBXFileReference; lastKnownFileType = sourcecode.swift; path = InsettableShapeView.swift; sourceTree = "<group>"; };
		AC1D5B63298BC6F100241F24 /* FlowerShapeView.swift */ = {isa = PBXFileReference; lastKnownFileType = sourcecode.swift; path = FlowerShapeView.swift; sourceTree = "<group>"; };
		AC1D5B65298BD74D00241F24 /* BorderImageView.swift */ = {isa = PBXFileReference; lastKnownFileType = sourcecode.swift; path = BorderImageView.swift; sourceTree = "<group>"; };
		AC1D5B67298BE1E600241F24 /* ColorCyclingView.swift */ = {isa = PBXFileReference; lastKnownFileType = sourcecode.swift; path = ColorCyclingView.swift; sourceTree = "<group>"; };
		AC1D5B69298BEE4800241F24 /* SpecialEffectsView.swift */ = {isa = PBXFileReference; lastKnownFileType = sourcecode.swift; path = SpecialEffectsView.swift; sourceTree = "<group>"; };
		AC1D5B6B298BF06000241F24 /* ColoredCirclesView.swift */ = {isa = PBXFileReference; lastKnownFileType = sourcecode.swift; path = ColoredCirclesView.swift; sourceTree = "<group>"; };
		AC1D5B6D298BF31B00241F24 /* BlursEffectView.swift */ = {isa = PBXFileReference; lastKnownFileType = sourcecode.swift; path = BlursEffectView.swift; sourceTree = "<group>"; };
		AC1D5B6F298C08A200241F24 /* TrapezoidView.swift */ = {isa = PBXFileReference; lastKnownFileType = sourcecode.swift; path = TrapezoidView.swift; sourceTree = "<group>"; };
		AC1D5B71298C13AE00241F24 /* CheckerBoardView.swift */ = {isa = PBXFileReference; lastKnownFileType = sourcecode.swift; path = CheckerBoardView.swift; sourceTree = "<group>"; };
		AC1D5B73298C310600241F24 /* SpirographView.swift */ = {isa = PBXFileReference; lastKnownFileType = sourcecode.swift; path = SpirographView.swift; sourceTree = "<group>"; };
		AC4D66DB2A0A681C009334E7 /* Alignment&alignmentGuidesView.swift */ = {isa = PBXFileReference; lastKnownFileType = sourcecode.swift; path = "Alignment&alignmentGuidesView.swift"; sourceTree = "<group>"; };
		AC4D66DD2A0B88FE009334E7 /* CustomAlignmentGuideView.swift */ = {isa = PBXFileReference; lastKnownFileType = sourcecode.swift; path = CustomAlignmentGuideView.swift; sourceTree = "<group>"; };
		AC4D66DF2A0B96B8009334E7 /* AbsolutePositioningView.swift */ = {isa = PBXFileReference; lastKnownFileType = sourcecode.swift; path = AbsolutePositioningView.swift; sourceTree = "<group>"; };
		AC4D66E12A0B9D6B009334E7 /* FrameAndCoordinateView.swift */ = {isa = PBXFileReference; lastKnownFileType = sourcecode.swift; path = FrameAndCoordinateView.swift; sourceTree = "<group>"; };
		AC4D66E52A0E4798009334E7 /* ScrollViewWithGeometryReaderView.swift */ = {isa = PBXFileReference; lastKnownFileType = sourcecode.swift; path = ScrollViewWithGeometryReaderView.swift; sourceTree = "<group>"; };
		AC4D66E72A0E534F009334E7 /* HorizontalScrollViewWithGeometryReaderView.swift */ = {isa = PBXFileReference; lastKnownFileType = sourcecode.swift; path = HorizontalScrollViewWithGeometryReaderView.swift; sourceTree = "<group>"; };
		AC4D66E92A123382009334E7 /* TwoSidesSwiftUIView.swift */ = {isa = PBXFileReference; lastKnownFileType = sourcecode.swift; path = TwoSidesSwiftUIView.swift; sourceTree = "<group>"; };
		AC4D66EB2A124679009334E7 /* OptionalAlertAndSheetView.swift */ = {isa = PBXFileReference; lastKnownFileType = sourcecode.swift; path = OptionalAlertAndSheetView.swift; sourceTree = "<group>"; };
		AC4D66ED2A124E27009334E7 /* GroupTransparentLayoutView.swift */ = {isa = PBXFileReference; lastKnownFileType = sourcecode.swift; path = GroupTransparentLayoutView.swift; sourceTree = "<group>"; };
		AC52F4E4297E7722005006E8 /* Term&ConditionView.swift */ = {isa = PBXFileReference; lastKnownFileType = sourcecode.swift; path = "Term&ConditionView.swift"; sourceTree = "<group>"; };
		AC52F4E6297E9AA8005006E8 /* StepperView.swift */ = {isa = PBXFileReference; lastKnownFileType = sourcecode.swift; path = StepperView.swift; sourceTree = "<group>"; };
		AC52F4E8297E9D45005006E8 /* DatePickerView.swift */ = {isa = PBXFileReference; lastKnownFileType = sourcecode.swift; path = DatePickerView.swift; sourceTree = "<group>"; };
		AC52F4EA297EABF3005006E8 /* ListView.swift */ = {isa = PBXFileReference; lastKnownFileType = sourcecode.swift; path = ListView.swift; sourceTree = "<group>"; };
		AC5E59F529780BE400290E31 /* 100Days.app */ = {isa = PBXFileReference; explicitFileType = wrapper.application; includeInIndex = 0; path = 100Days.app; sourceTree = BUILT_PRODUCTS_DIR; };
		AC5E59F829780BE400290E31 /* _00DaysApp.swift */ = {isa = PBXFileReference; lastKnownFileType = sourcecode.swift; path = _00DaysApp.swift; sourceTree = "<group>"; };
		AC5E59FA29780BE400290E31 /* ContentView.swift */ = {isa = PBXFileReference; lastKnownFileType = sourcecode.swift; path = ContentView.swift; sourceTree = "<group>"; };
		AC5E59FC29780BE400290E31 /* Assets.xcassets */ = {isa = PBXFileReference; lastKnownFileType = folder.assetcatalog; path = Assets.xcassets; sourceTree = "<group>"; };
		AC5E59FF29780BE400290E31 /* Preview Assets.xcassets */ = {isa = PBXFileReference; lastKnownFileType = folder.assetcatalog; path = "Preview Assets.xcassets"; sourceTree = "<group>"; };
		AC5E5A0529780BE400290E31 /* 100DaysTests.xctest */ = {isa = PBXFileReference; explicitFileType = wrapper.cfbundle; includeInIndex = 0; path = 100DaysTests.xctest; sourceTree = BUILT_PRODUCTS_DIR; };
		AC5E5A0929780BE400290E31 /* _00DaysTests.swift */ = {isa = PBXFileReference; lastKnownFileType = sourcecode.swift; path = _00DaysTests.swift; sourceTree = "<group>"; };
		AC5E5A0F29780BE400290E31 /* 100DaysUITests.xctest */ = {isa = PBXFileReference; explicitFileType = wrapper.cfbundle; includeInIndex = 0; path = 100DaysUITests.xctest; sourceTree = BUILT_PRODUCTS_DIR; };
		AC5E5A1329780BE400290E31 /* _00DaysUITests.swift */ = {isa = PBXFileReference; lastKnownFileType = sourcecode.swift; path = _00DaysUITests.swift; sourceTree = "<group>"; };
		AC5E5A1529780BE400290E31 /* _00DaysUITestsLaunchTests.swift */ = {isa = PBXFileReference; lastKnownFileType = sourcecode.swift; path = _00DaysUITestsLaunchTests.swift; sourceTree = "<group>"; };
		AC5E5A5A29796F9400290E31 /* ViewModifierView.swift */ = {isa = PBXFileReference; lastKnownFileType = sourcecode.swift; path = ViewModifierView.swift; sourceTree = "<group>"; };
		AC5E5A5C2979A66800290E31 /* GridStackView.swift */ = {isa = PBXFileReference; lastKnownFileType = sourcecode.swift; path = GridStackView.swift; sourceTree = "<group>"; };
		AC5E5A60297AAE3200290E31 /*  BindingView.swift */ = {isa = PBXFileReference; lastKnownFileType = sourcecode.swift; path = " BindingView.swift"; sourceTree = "<group>"; };
		AC7FE5E32987AE600036E736 /* ResizingImageView.swift */ = {isa = PBXFileReference; lastKnownFileType = sourcecode.swift; path = ResizingImageView.swift; sourceTree = "<group>"; };
		AC7FE5E52987B3BF0036E736 /* ScrollViewExampleView.swift */ = {isa = PBXFileReference; lastKnownFileType = sourcecode.swift; path = ScrollViewExampleView.swift; sourceTree = "<group>"; };
		AC7FE5E72987C5360036E736 /* NavigationLinkView.swift */ = {isa = PBXFileReference; lastKnownFileType = sourcecode.swift; path = NavigationLinkView.swift; sourceTree = "<group>"; };
		AC7FE5E92987CCC20036E736 /* HierarchicalCodableDataView.swift */ = {isa = PBXFileReference; lastKnownFileType = sourcecode.swift; path = HierarchicalCodableDataView.swift; sourceTree = "<group>"; };
		AC7FE5EB2987D9920036E736 /* ScrollingGridView.swift */ = {isa = PBXFileReference; lastKnownFileType = sourcecode.swift; path = ScrollingGridView.swift; sourceTree = "<group>"; };
		AC819C3129922ED1009F7522 /* CodableConformanceView.swift */ = {isa = PBXFileReference; lastKnownFileType = sourcecode.swift; path = CodableConformanceView.swift; sourceTree = "<group>"; };
		AC819C3329924298009F7522 /* CodableDataView.swift */ = {isa = PBXFileReference; lastKnownFileType = sourcecode.swift; path = CodableDataView.swift; sourceTree = "<group>"; };
		AC819C5529928669009F7522 /* LoadingImageFromServerView.swift */ = {isa = PBXFileReference; lastKnownFileType = sourcecode.swift; path = LoadingImageFromServerView.swift; sourceTree = "<group>"; };
		AC819C5729928B92009F7522 /* ValidatingFormView.swift */ = {isa = PBXFileReference; lastKnownFileType = sourcecode.swift; path = ValidatingFormView.swift; sourceTree = "<group>"; };
		AC819C932994E4F3009F7522 /* CustomComponentWith@BindingView.swift */ = {isa = PBXFileReference; lastKnownFileType = sourcecode.swift; path = "CustomComponentWith@BindingView.swift"; sourceTree = "<group>"; };
		AC819C952994FAE3009F7522 /* TextEditorView.swift */ = {isa = PBXFileReference; lastKnownFileType = sourcecode.swift; path = TextEditorView.swift; sourceTree = "<group>"; };
		AC819CA629969167009F7522 /* CoreDataView.swift */ = {isa = PBXFileReference; lastKnownFileType = sourcecode.swift; path = CoreDataView.swift; sourceTree = "<group>"; };
		ACA7F7622981161B003B91AB /* AnimationView.swift */ = {isa = PBXFileReference; lastKnownFileType = sourcecode.swift; path = AnimationView.swift; sourceTree = "<group>"; };
		ACA7F76629815CEA003B91AB /* DragView.swift */ = {isa = PBXFileReference; lastKnownFileType = sourcecode.swift; path = DragView.swift; sourceTree = "<group>"; };
		ACA7F768298160DC003B91AB /* ShowingAndHidingView.swift */ = {isa = PBXFileReference; lastKnownFileType = sourcecode.swift; path = ShowingAndHidingView.swift; sourceTree = "<group>"; };
		ACA7F76A29816B70003B91AB /* CustomModifierView.swift */ = {isa = PBXFileReference; lastKnownFileType = sourcecode.swift; path = CustomModifierView.swift; sourceTree = "<group>"; };
		ACA96DB52983C19600E557F8 /* SheetView.swift */ = {isa = PBXFileReference; lastKnownFileType = sourcecode.swift; path = SheetView.swift; sourceTree = "<group>"; };
		ACA96DB72983D9B900E557F8 /* DeletingView.swift */ = {isa = PBXFileReference; lastKnownFileType = sourcecode.swift; path = DeletingView.swift; sourceTree = "<group>"; };
		ACA96DB92983E19000E557F8 /* UserDefaultView.swift */ = {isa = PBXFileReference; lastKnownFileType = sourcecode.swift; path = UserDefaultView.swift; sourceTree = "<group>"; };
		ACA96DBB2983E4E500E557F8 /* AppStorageView.swift */ = {isa = PBXFileReference; lastKnownFileType = sourcecode.swift; path = AppStorageView.swift; sourceTree = "<group>"; };
		ACE404CB29BA2804007DC8DA /* EnvironmentObjectView.swift */ = {isa = PBXFileReference; lastKnownFileType = sourcecode.swift; path = EnvironmentObjectView.swift; sourceTree = "<group>"; };
		ACE404CD29BA2AE4007DC8DA /* TabExampleView.swift */ = {isa = PBXFileReference; lastKnownFileType = sourcecode.swift; path = TabExampleView.swift; sourceTree = "<group>"; };
		ACE404CF29BA327A007DC8DA /* ObservableObjectChangesView.swift */ = {isa = PBXFileReference; lastKnownFileType = sourcecode.swift; path = ObservableObjectChangesView.swift; sourceTree = "<group>"; };
		ACE404D129BB38AC007DC8DA /* ResultTypeView.swift */ = {isa = PBXFileReference; lastKnownFileType = sourcecode.swift; path = ResultTypeView.swift; sourceTree = "<group>"; };
		ACE404D329BB4318007DC8DA /* ControllingImageInterpolationView.swift */ = {isa = PBXFileReference; lastKnownFileType = sourcecode.swift; path = ControllingImageInterpolationView.swift; sourceTree = "<group>"; };
		ACE404D529BB45A2007DC8DA /* ContextMenusView.swift */ = {isa = PBXFileReference; lastKnownFileType = sourcecode.swift; path = ContextMenusView.swift; sourceTree = "<group>"; };
		ACE404D729BB53A6007DC8DA /* SwipeActionsView.swift */ = {isa = PBXFileReference; lastKnownFileType = sourcecode.swift; path = SwipeActionsView.swift; sourceTree = "<group>"; };
		ACE404D929BB632B007DC8DA /* SchedulingLocalNotificationView.swift */ = {isa = PBXFileReference; lastKnownFileType = sourcecode.swift; path = SchedulingLocalNotificationView.swift; sourceTree = "<group>"; };
		ACE404DD29BB7021007DC8DA /* SwiftPackageView.swift */ = {isa = PBXFileReference; lastKnownFileType = sourcecode.swift; path = SwiftPackageView.swift; sourceTree = "<group>"; };
		ACEE811F2A0621D5004BEF80 /* Layout&GeometryView.swift */ = {isa = PBXFileReference; lastKnownFileType = sourcecode.swift; path = "Layout&GeometryView.swift"; sourceTree = "<group>"; };
		ACEF2731299E481F00364257 /* RespondingToStateChangesView.swift */ = {isa = PBXFileReference; lastKnownFileType = sourcecode.swift; path = RespondingToStateChangesView.swift; sourceTree = "<group>"; };
		ACEF2733299E501400364257 /* ConfirmationDialogView.swift */ = {isa = PBXFileReference; lastKnownFileType = sourcecode.swift; path = ConfirmationDialogView.swift; sourceTree = "<group>"; };
		ACEF2735299E59A600364257 /* IntegratingCoreImageView.swift */ = {isa = PBXFileReference; lastKnownFileType = sourcecode.swift; path = IntegratingCoreImageView.swift; sourceTree = "<group>"; };
		ACEF2737299E703100364257 /* WrappingUIViewControllerInSwiftUIView.swift */ = {isa = PBXFileReference; lastKnownFileType = sourcecode.swift; path = WrappingUIViewControllerInSwiftUIView.swift; sourceTree = "<group>"; };
		ACEF2739299E72EB00364257 /* ImagePicker.swift */ = {isa = PBXFileReference; lastKnownFileType = sourcecode.swift; path = ImagePicker.swift; sourceTree = "<group>"; };
		ACEF273B299E9D9C00364257 /* ImageSaver.swift */ = {isa = PBXFileReference; lastKnownFileType = sourcecode.swift; path = ImageSaver.swift; sourceTree = "<group>"; };
		ACEF275D29A50EBC00364257 /* ConformanceToComparableView.swift */ = {isa = PBXFileReference; lastKnownFileType = sourcecode.swift; path = ConformanceToComparableView.swift; sourceTree = "<group>"; };
		ACEF275F29A514C300364257 /* DataToDocumentsDirectoryView.swift */ = {isa = PBXFileReference; lastKnownFileType = sourcecode.swift; path = DataToDocumentsDirectoryView.swift; sourceTree = "<group>"; };
		ACEF276129A52BD300364257 /* SwitchStatesEnumView.swift */ = {isa = PBXFileReference; lastKnownFileType = sourcecode.swift; path = SwitchStatesEnumView.swift; sourceTree = "<group>"; };
		ACEF276329A52E5B00364257 /*  MapKitIntegratingView.swift */ = {isa = PBXFileReference; lastKnownFileType = sourcecode.swift; path = " MapKitIntegratingView.swift"; sourceTree = "<group>"; };
		ACEF278329A652AE00364257 /* TouchIDandFaceIDView.swift */ = {isa = PBXFileReference; lastKnownFileType = sourcecode.swift; path = TouchIDandFaceIDView.swift; sourceTree = "<group>"; };
		ACEF278529A66FFA00364257 /* UserLocationsToMapView.swift */ = {isa = PBXFileReference; lastKnownFileType = sourcecode.swift; path = UserLocationsToMapView.swift; sourceTree = "<group>"; };
		ACEF278729A6766E00364257 /* SecondLocation.swift */ = {isa = PBXFileReference; lastKnownFileType = sourcecode.swift; path = SecondLocation.swift; sourceTree = "<group>"; };
		ACEF278929A8F00E00364257 /* EditView.swift */ = {isa = PBXFileReference; lastKnownFileType = sourcecode.swift; path = EditView.swift; sourceTree = "<group>"; };
/* End PBXFileReference section */

/* Begin PBXFrameworksBuildPhase section */
		AC5E59F229780BE400290E31 /* Frameworks */ = {
			isa = PBXFrameworksBuildPhase;
			buildActionMask = 2147483647;
			files = (
			);
			runOnlyForDeploymentPostprocessing = 0;
		};
		AC5E5A0229780BE400290E31 /* Frameworks */ = {
			isa = PBXFrameworksBuildPhase;
			buildActionMask = 2147483647;
			files = (
			);
			runOnlyForDeploymentPostprocessing = 0;
		};
		AC5E5A0C29780BE400290E31 /* Frameworks */ = {
			isa = PBXFrameworksBuildPhase;
			buildActionMask = 2147483647;
			files = (
			);
			runOnlyForDeploymentPostprocessing = 0;
		};
/* End PBXFrameworksBuildPhase section */

/* Begin PBXGroup section */
		AC5E59EC29780BE400290E31 = {
			isa = PBXGroup;
			children = (
				AC5E59F729780BE400290E31 /* 100Days */,
				AC5E5A0829780BE400290E31 /* 100DaysTests */,
				AC5E5A1229780BE400290E31 /* 100DaysUITests */,
				AC5E59F629780BE400290E31 /* Products */,
			);
			sourceTree = "<group>";
		};
		AC5E59F629780BE400290E31 /* Products */ = {
			isa = PBXGroup;
			children = (
				AC5E59F529780BE400290E31 /* 100Days.app */,
				AC5E5A0529780BE400290E31 /* 100DaysTests.xctest */,
				AC5E5A0F29780BE400290E31 /* 100DaysUITests.xctest */,
			);
			name = Products;
			sourceTree = "<group>";
		};
		AC5E59F729780BE400290E31 /* 100Days */ = {
			isa = PBXGroup;
			children = (
				AC5E59F829780BE400290E31 /* _00DaysApp.swift */,
				AC5E59FA29780BE400290E31 /* ContentView.swift */,
				AC5E5A5A29796F9400290E31 /* ViewModifierView.swift */,
				AC5E5A60297AAE3200290E31 /*  BindingView.swift */,
				AC5E5A5C2979A66800290E31 /* GridStackView.swift */,
				AC52F4E4297E7722005006E8 /* Term&ConditionView.swift */,
				AC52F4E6297E9AA8005006E8 /* StepperView.swift */,
				AC52F4E8297E9D45005006E8 /* DatePickerView.swift */,
				AC52F4EA297EABF3005006E8 /* ListView.swift */,
				ACA7F7622981161B003B91AB /* AnimationView.swift */,
				ACA7F76629815CEA003B91AB /* DragView.swift */,
				ACA7F768298160DC003B91AB /* ShowingAndHidingView.swift */,
				ACA7F76A29816B70003B91AB /* CustomModifierView.swift */,
				ACA96DB52983C19600E557F8 /* SheetView.swift */,
				ACA96DB72983D9B900E557F8 /* DeletingView.swift */,
				ACA96DB92983E19000E557F8 /* UserDefaultView.swift */,
				ACA96DBB2983E4E500E557F8 /* AppStorageView.swift */,
				AC7FE5E32987AE600036E736 /* ResizingImageView.swift */,
				AC7FE5E52987B3BF0036E736 /* ScrollViewExampleView.swift */,
				AC7FE5E72987C5360036E736 /* NavigationLinkView.swift */,
				AC7FE5E92987CCC20036E736 /* HierarchicalCodableDataView.swift */,
				AC7FE5EB2987D9920036E736 /* ScrollingGridView.swift */,
				AC1D5B5D298AADBE00241F24 /* DrawingPathView.swift */,
				AC1D5B5F298AAFF800241F24 /* DrawingShapeView.swift */,
				AC1D5B61298ABC7F00241F24 /* InsettableShapeView.swift */,
				AC1D5B63298BC6F100241F24 /* FlowerShapeView.swift */,
				AC1D5B65298BD74D00241F24 /* BorderImageView.swift */,
				AC1D5B67298BE1E600241F24 /* ColorCyclingView.swift */,
				AC1D5B69298BEE4800241F24 /* SpecialEffectsView.swift */,
				AC1D5B6B298BF06000241F24 /* ColoredCirclesView.swift */,
				AC1D5B6D298BF31B00241F24 /* BlursEffectView.swift */,
				AC1D5B6F298C08A200241F24 /* TrapezoidView.swift */,
				AC1D5B71298C13AE00241F24 /* CheckerBoardView.swift */,
				AC1D5B73298C310600241F24 /* SpirographView.swift */,
				AC819C3129922ED1009F7522 /* CodableConformanceView.swift */,
				AC819C3329924298009F7522 /* CodableDataView.swift */,
				AC819C5529928669009F7522 /* LoadingImageFromServerView.swift */,
				AC819C5729928B92009F7522 /* ValidatingFormView.swift */,
				AC819C932994E4F3009F7522 /* CustomComponentWith@BindingView.swift */,
				AC819C952994FAE3009F7522 /* TextEditorView.swift */,
				AC819CA629969167009F7522 /* CoreDataView.swift */,
				ACEF2731299E481F00364257 /* RespondingToStateChangesView.swift */,
				ACEF2733299E501400364257 /* ConfirmationDialogView.swift */,
				ACEF2735299E59A600364257 /* IntegratingCoreImageView.swift */,
				ACEF2737299E703100364257 /* WrappingUIViewControllerInSwiftUIView.swift */,
				ACEF2739299E72EB00364257 /* ImagePicker.swift */,
				ACEF273B299E9D9C00364257 /* ImageSaver.swift */,
				ACEF275D29A50EBC00364257 /* ConformanceToComparableView.swift */,
				ACEF275F29A514C300364257 /* DataToDocumentsDirectoryView.swift */,
				ACEF276129A52BD300364257 /* SwitchStatesEnumView.swift */,
				ACEF276329A52E5B00364257 /*  MapKitIntegratingView.swift */,
				ACEF278329A652AE00364257 /* TouchIDandFaceIDView.swift */,
				ACEF278529A66FFA00364257 /* UserLocationsToMapView.swift */,
				ACEF278729A6766E00364257 /* SecondLocation.swift */,
				ACEF278929A8F00E00364257 /* EditView.swift */,
				AC028F0E29AF922400765C32 /* HidingAndGroupingAccessibilityDataView.swift */,
				AC028F1029AF9DC400765C32 /* ReadingTheValueOfControlsView.swift */,
				ACE404CB29BA2804007DC8DA /* EnvironmentObjectView.swift */,
				ACE404CD29BA2AE4007DC8DA /* TabExampleView.swift */,
				ACE404CF29BA327A007DC8DA /* ObservableObjectChangesView.swift */,
				ACE404D129BB38AC007DC8DA /* ResultTypeView.swift */,
				ACE404D329BB4318007DC8DA /* ControllingImageInterpolationView.swift */,
				ACE404D529BB45A2007DC8DA /* ContextMenusView.swift */,
				ACE404D729BB53A6007DC8DA /* SwipeActionsView.swift */,
				ACE404D929BB632B007DC8DA /* SchedulingLocalNotificationView.swift */,
				ACE404DD29BB7021007DC8DA /* SwiftPackageView.swift */,
				AC19E36A29E59D3700D10BC8 /* CoreHapticsView.swift */,
				AC19E36E29E8324800D10BC8 /* HitTestingView.swift */,
				AC19E37029EEBF1D00D10BC8 /* UsingTimerView.swift */,
				AC19E37229EEC29300D10BC8 /* NotifiedBackgroundView.swift */,
				AC19E37629EFC4B600D10BC8 /* AccessibilityView.swift */,
				AC19E37829EFC87700D10BC8 /* ReduceMotionAccessibilityView.swift */,
				AC19E37A29EFCE3300D10BC8 /* ReduceMotionAccessibility2View.swift */,
				AC19E37C29EFD10F00D10BC8 /* ReduceTransparencyView.swift */,
				ACEE811F2A0621D5004BEF80 /* Layout&GeometryView.swift */,
				AC4D66DB2A0A681C009334E7 /* Alignment&alignmentGuidesView.swift */,
				AC4D66DD2A0B88FE009334E7 /* CustomAlignmentGuideView.swift */,
				AC4D66DF2A0B96B8009334E7 /* AbsolutePositioningView.swift */,
				AC4D66E12A0B9D6B009334E7 /* FrameAndCoordinateView.swift */,
				AC4D66E52A0E4798009334E7 /* ScrollViewWithGeometryReaderView.swift */,
				AC4D66E72A0E534F009334E7 /* HorizontalScrollViewWithGeometryReaderView.swift */,
				AC4D66E92A123382009334E7 /* TwoSidesSwiftUIView.swift */,
				AC4D66EB2A124679009334E7 /* OptionalAlertAndSheetView.swift */,
				AC4D66ED2A124E27009334E7 /* GroupTransparentLayoutView.swift */,
				AC5E59FC29780BE400290E31 /* Assets.xcassets */,
				AC5E59FE29780BE400290E31 /* Preview Content */,
			);
			path = 100Days;
			sourceTree = "<group>";
		};
		AC5E59FE29780BE400290E31 /* Preview Content */ = {
			isa = PBXGroup;
			children = (
				AC5E59FF29780BE400290E31 /* Preview Assets.xcassets */,
			);
			path = "Preview Content";
			sourceTree = "<group>";
		};
		AC5E5A0829780BE400290E31 /* 100DaysTests */ = {
			isa = PBXGroup;
			children = (
				AC5E5A0929780BE400290E31 /* _00DaysTests.swift */,
			);
			path = 100DaysTests;
			sourceTree = "<group>";
		};
		AC5E5A1229780BE400290E31 /* 100DaysUITests */ = {
			isa = PBXGroup;
			children = (
				AC5E5A1329780BE400290E31 /* _00DaysUITests.swift */,
				AC5E5A1529780BE400290E31 /* _00DaysUITestsLaunchTests.swift */,
			);
			path = 100DaysUITests;
			sourceTree = "<group>";
		};
/* End PBXGroup section */

/* Begin PBXNativeTarget section */
		AC5E59F429780BE400290E31 /* 100Days */ = {
			isa = PBXNativeTarget;
			buildConfigurationList = AC5E5A1929780BE400290E31 /* Build configuration list for PBXNativeTarget "100Days" */;
			buildPhases = (
				AC5E59F129780BE400290E31 /* Sources */,
				AC5E59F229780BE400290E31 /* Frameworks */,
				AC5E59F329780BE400290E31 /* Resources */,
			);
			buildRules = (
			);
			dependencies = (
			);
			name = 100Days;
			productName = 100Days;
			productReference = AC5E59F529780BE400290E31 /* 100Days.app */;
			productType = "com.apple.product-type.application";
		};
		AC5E5A0429780BE400290E31 /* 100DaysTests */ = {
			isa = PBXNativeTarget;
			buildConfigurationList = AC5E5A1C29780BE400290E31 /* Build configuration list for PBXNativeTarget "100DaysTests" */;
			buildPhases = (
				AC5E5A0129780BE400290E31 /* Sources */,
				AC5E5A0229780BE400290E31 /* Frameworks */,
				AC5E5A0329780BE400290E31 /* Resources */,
			);
			buildRules = (
			);
			dependencies = (
				AC5E5A0729780BE400290E31 /* PBXTargetDependency */,
			);
			name = 100DaysTests;
			productName = 100DaysTests;
			productReference = AC5E5A0529780BE400290E31 /* 100DaysTests.xctest */;
			productType = "com.apple.product-type.bundle.unit-test";
		};
		AC5E5A0E29780BE400290E31 /* 100DaysUITests */ = {
			isa = PBXNativeTarget;
			buildConfigurationList = AC5E5A1F29780BE400290E31 /* Build configuration list for PBXNativeTarget "100DaysUITests" */;
			buildPhases = (
				AC5E5A0B29780BE400290E31 /* Sources */,
				AC5E5A0C29780BE400290E31 /* Frameworks */,
				AC5E5A0D29780BE400290E31 /* Resources */,
			);
			buildRules = (
			);
			dependencies = (
				AC5E5A1129780BE400290E31 /* PBXTargetDependency */,
			);
			name = 100DaysUITests;
			productName = 100DaysUITests;
			productReference = AC5E5A0F29780BE400290E31 /* 100DaysUITests.xctest */;
			productType = "com.apple.product-type.bundle.ui-testing";
		};
/* End PBXNativeTarget section */

/* Begin PBXProject section */
		AC5E59ED29780BE400290E31 /* Project object */ = {
			isa = PBXProject;
			attributes = {
				BuildIndependentTargetsInParallel = 1;
				LastSwiftUpdateCheck = 1400;
				LastUpgradeCheck = 1400;
				TargetAttributes = {
					AC5E59F429780BE400290E31 = {
						CreatedOnToolsVersion = 14.0.1;
					};
					AC5E5A0429780BE400290E31 = {
						CreatedOnToolsVersion = 14.0.1;
						TestTargetID = AC5E59F429780BE400290E31;
					};
					AC5E5A0E29780BE400290E31 = {
						CreatedOnToolsVersion = 14.0.1;
						TestTargetID = AC5E59F429780BE400290E31;
					};
				};
			};
			buildConfigurationList = AC5E59F029780BE400290E31 /* Build configuration list for PBXProject "100Days" */;
			compatibilityVersion = "Xcode 14.0";
			developmentRegion = en;
			hasScannedForEncodings = 0;
			knownRegions = (
				en,
				Base,
			);
			mainGroup = AC5E59EC29780BE400290E31;
			productRefGroup = AC5E59F629780BE400290E31 /* Products */;
			projectDirPath = "";
			projectRoot = "";
			targets = (
				AC5E59F429780BE400290E31 /* 100Days */,
				AC5E5A0429780BE400290E31 /* 100DaysTests */,
				AC5E5A0E29780BE400290E31 /* 100DaysUITests */,
			);
		};
/* End PBXProject section */

/* Begin PBXResourcesBuildPhase section */
		AC5E59F329780BE400290E31 /* Resources */ = {
			isa = PBXResourcesBuildPhase;
			buildActionMask = 2147483647;
			files = (
				AC5E5A0029780BE400290E31 /* Preview Assets.xcassets in Resources */,
				AC5E59FD29780BE400290E31 /* Assets.xcassets in Resources */,
			);
			runOnlyForDeploymentPostprocessing = 0;
		};
		AC5E5A0329780BE400290E31 /* Resources */ = {
			isa = PBXResourcesBuildPhase;
			buildActionMask = 2147483647;
			files = (
			);
			runOnlyForDeploymentPostprocessing = 0;
		};
		AC5E5A0D29780BE400290E31 /* Resources */ = {
			isa = PBXResourcesBuildPhase;
			buildActionMask = 2147483647;
			files = (
			);
			runOnlyForDeploymentPostprocessing = 0;
		};
/* End PBXResourcesBuildPhase section */

/* Begin PBXSourcesBuildPhase section */
		AC5E59F129780BE400290E31 /* Sources */ = {
			isa = PBXSourcesBuildPhase;
			buildActionMask = 2147483647;
			files = (
				ACA7F76B29816B70003B91AB /* CustomModifierView.swift in Sources */,
				AC19E36F29E8324800D10BC8 /* HitTestingView.swift in Sources */,
				ACEF275E29A50EBC00364257 /* ConformanceToComparableView.swift in Sources */,
				AC7FE5E62987B3BF0036E736 /* ScrollViewExampleView.swift in Sources */,
				ACA7F76729815CEA003B91AB /* DragView.swift in Sources */,
				AC5E5A5D2979A66800290E31 /* GridStackView.swift in Sources */,
				ACE404DA29BB632B007DC8DA /* SchedulingLocalNotificationView.swift in Sources */,
				AC819CA729969167009F7522 /* CoreDataView.swift in Sources */,
				AC7FE5E42987AE600036E736 /* ResizingImageView.swift in Sources */,
				ACE404CC29BA2804007DC8DA /* EnvironmentObjectView.swift in Sources */,
				ACEF276229A52BD300364257 /* SwitchStatesEnumView.swift in Sources */,
				ACA7F7632981161B003B91AB /* AnimationView.swift in Sources */,
				ACE404D029BA327A007DC8DA /* ObservableObjectChangesView.swift in Sources */,
				AC7FE5EC2987D9920036E736 /* ScrollingGridView.swift in Sources */,
				AC028F1129AF9DC400765C32 /* ReadingTheValueOfControlsView.swift in Sources */,
				AC19E37929EFC87700D10BC8 /* ReduceMotionAccessibilityView.swift in Sources */,
				AC19E37D29EFD10F00D10BC8 /* ReduceTransparencyView.swift in Sources */,
				AC4D66E62A0E4798009334E7 /* ScrollViewWithGeometryReaderView.swift in Sources */,
				ACE404D229BB38AC007DC8DA /* ResultTypeView.swift in Sources */,
				AC1D5B6A298BEE4800241F24 /* SpecialEffectsView.swift in Sources */,
				AC52F4EB297EABF3005006E8 /* ListView.swift in Sources */,
				AC1D5B5E298AADBE00241F24 /* DrawingPathView.swift in Sources */,
				AC19E37729EFC4B600D10BC8 /* AccessibilityView.swift in Sources */,
				AC1D5B64298BC6F100241F24 /* FlowerShapeView.swift in Sources */,
				AC4D66E82A0E534F009334E7 /* HorizontalScrollViewWithGeometryReaderView.swift in Sources */,
				ACA96DBC2983E4E500E557F8 /* AppStorageView.swift in Sources */,
				ACEF273A299E72EB00364257 /* ImagePicker.swift in Sources */,
				AC52F4E5297E7722005006E8 /* Term&ConditionView.swift in Sources */,
				ACA96DB82983D9B900E557F8 /* DeletingView.swift in Sources */,
				ACA7F769298160DC003B91AB /* ShowingAndHidingView.swift in Sources */,
				AC19E36B29E59D3700D10BC8 /* CoreHapticsView.swift in Sources */,
				ACEF273C299E9D9C00364257 /* ImageSaver.swift in Sources */,
				AC5E5A61297AAE3200290E31 /*  BindingView.swift in Sources */,
				ACEF276029A514C300364257 /* DataToDocumentsDirectoryView.swift in Sources */,
				AC4D66EA2A123382009334E7 /* TwoSidesSwiftUIView.swift in Sources */,
				ACEF2736299E59A600364257 /* IntegratingCoreImageView.swift in Sources */,
				AC819C942994E4F3009F7522 /* CustomComponentWith@BindingView.swift in Sources */,
				AC1D5B6E298BF31B00241F24 /* BlursEffectView.swift in Sources */,
				AC1D5B72298C13AE00241F24 /* CheckerBoardView.swift in Sources */,
				AC7FE5EA2987CCC20036E736 /* HierarchicalCodableDataView.swift in Sources */,
				ACEF278429A652AE00364257 /* TouchIDandFaceIDView.swift in Sources */,
				ACEF278629A66FFA00364257 /* UserLocationsToMapView.swift in Sources */,
				ACE404CE29BA2AE4007DC8DA /* TabExampleView.swift in Sources */,
				ACEE81202A0621D5004BEF80 /* Layout&GeometryView.swift in Sources */,
				AC19E37B29EFCE3300D10BC8 /* ReduceMotionAccessibility2View.swift in Sources */,
				ACA96DB62983C19600E557F8 /* SheetView.swift in Sources */,
				AC5E5A5B29796F9400290E31 /* ViewModifierView.swift in Sources */,
				AC819C3229922ED1009F7522 /* CodableConformanceView.swift in Sources */,
				ACEF2738299E703100364257 /* WrappingUIViewControllerInSwiftUIView.swift in Sources */,
				ACE404DE29BB7021007DC8DA /* SwiftPackageView.swift in Sources */,
				AC19E37129EEBF1D00D10BC8 /* UsingTimerView.swift in Sources */,
				AC1D5B60298AAFF800241F24 /* DrawingShapeView.swift in Sources */,
				AC819C3429924298009F7522 /* CodableDataView.swift in Sources */,
				AC4D66DC2A0A681C009334E7 /* Alignment&alignmentGuidesView.swift in Sources */,
				AC1D5B66298BD74D00241F24 /* BorderImageView.swift in Sources */,
				AC19E37329EEC29300D10BC8 /* NotifiedBackgroundView.swift in Sources */,
				AC1D5B74298C310600241F24 /* SpirographView.swift in Sources */,
				AC1D5B68298BE1E600241F24 /* ColorCyclingView.swift in Sources */,
				ACEF2734299E501400364257 /* ConfirmationDialogView.swift in Sources */,
				ACE404D429BB4318007DC8DA /* ControllingImageInterpolationView.swift in Sources */,
				AC4D66E02A0B96B8009334E7 /* AbsolutePositioningView.swift in Sources */,
				AC1D5B62298ABC7F00241F24 /* InsettableShapeView.swift in Sources */,
				ACEF278829A6766E00364257 /* SecondLocation.swift in Sources */,
				AC819C5629928669009F7522 /* LoadingImageFromServerView.swift in Sources */,
				AC1D5B6C298BF06000241F24 /* ColoredCirclesView.swift in Sources */,
				AC52F4E7297E9AA8005006E8 /* StepperView.swift in Sources */,
				AC028F0F29AF922400765C32 /* HidingAndGroupingAccessibilityDataView.swift in Sources */,
				AC5E59FB29780BE400290E31 /* ContentView.swift in Sources */,
				ACEF2732299E481F00364257 /* RespondingToStateChangesView.swift in Sources */,
				AC4D66DE2A0B88FE009334E7 /* CustomAlignmentGuideView.swift in Sources */,
				ACEF278A29A8F00E00364257 /* EditView.swift in Sources */,
				AC1D5B70298C08A200241F24 /* TrapezoidView.swift in Sources */,
				AC4D66EC2A124679009334E7 /* OptionalAlertAndSheetView.swift in Sources */,
				AC7FE5E82987C5360036E736 /* NavigationLinkView.swift in Sources */,
				ACE404D629BB45A2007DC8DA /* ContextMenusView.swift in Sources */,
				ACEF276429A52E5B00364257 /*  MapKitIntegratingView.swift in Sources */,
				AC52F4E9297E9D45005006E8 /* DatePickerView.swift in Sources */,
				AC819C5829928B92009F7522 /* ValidatingFormView.swift in Sources */,
				AC4D66EE2A124E27009334E7 /* GroupTransparentLayoutView.swift in Sources */,
				AC5E59F929780BE400290E31 /* _00DaysApp.swift in Sources */,
				AC819C962994FAE3009F7522 /* TextEditorView.swift in Sources */,
				ACE404D829BB53A6007DC8DA /* SwipeActionsView.swift in Sources */,
				ACA96DBA2983E19000E557F8 /* UserDefaultView.swift in Sources */,
				AC4D66E22A0B9D6B009334E7 /* FrameAndCoordinateView.swift in Sources */,
			);
			runOnlyForDeploymentPostprocessing = 0;
		};
		AC5E5A0129780BE400290E31 /* Sources */ = {
			isa = PBXSourcesBuildPhase;
			buildActionMask = 2147483647;
			files = (
				AC5E5A0A29780BE400290E31 /* _00DaysTests.swift in Sources */,
			);
			runOnlyForDeploymentPostprocessing = 0;
		};
		AC5E5A0B29780BE400290E31 /* Sources */ = {
			isa = PBXSourcesBuildPhase;
			buildActionMask = 2147483647;
			files = (
				AC5E5A1429780BE400290E31 /* _00DaysUITests.swift in Sources */,
				AC5E5A1629780BE400290E31 /* _00DaysUITestsLaunchTests.swift in Sources */,
			);
			runOnlyForDeploymentPostprocessing = 0;
		};
/* End PBXSourcesBuildPhase section */

/* Begin PBXTargetDependency section */
		AC5E5A0729780BE400290E31 /* PBXTargetDependency */ = {
			isa = PBXTargetDependency;
			target = AC5E59F429780BE400290E31 /* 100Days */;
			targetProxy = AC5E5A0629780BE400290E31 /* PBXContainerItemProxy */;
		};
		AC5E5A1129780BE400290E31 /* PBXTargetDependency */ = {
			isa = PBXTargetDependency;
			target = AC5E59F429780BE400290E31 /* 100Days */;
			targetProxy = AC5E5A1029780BE400290E31 /* PBXContainerItemProxy */;
		};
/* End PBXTargetDependency section */

/* Begin XCBuildConfiguration section */
		AC5E5A1729780BE400290E31 /* Debug */ = {
			isa = XCBuildConfiguration;
			buildSettings = {
				ALWAYS_SEARCH_USER_PATHS = NO;
				CLANG_ANALYZER_NONNULL = YES;
				CLANG_ANALYZER_NUMBER_OBJECT_CONVERSION = YES_AGGRESSIVE;
				CLANG_CXX_LANGUAGE_STANDARD = "gnu++20";
				CLANG_ENABLE_MODULES = YES;
				CLANG_ENABLE_OBJC_ARC = YES;
				CLANG_ENABLE_OBJC_WEAK = YES;
				CLANG_WARN_BLOCK_CAPTURE_AUTORELEASING = YES;
				CLANG_WARN_BOOL_CONVERSION = YES;
				CLANG_WARN_COMMA = YES;
				CLANG_WARN_CONSTANT_CONVERSION = YES;
				CLANG_WARN_DEPRECATED_OBJC_IMPLEMENTATIONS = YES;
				CLANG_WARN_DIRECT_OBJC_ISA_USAGE = YES_ERROR;
				CLANG_WARN_DOCUMENTATION_COMMENTS = YES;
				CLANG_WARN_EMPTY_BODY = YES;
				CLANG_WARN_ENUM_CONVERSION = YES;
				CLANG_WARN_INFINITE_RECURSION = YES;
				CLANG_WARN_INT_CONVERSION = YES;
				CLANG_WARN_NON_LITERAL_NULL_CONVERSION = YES;
				CLANG_WARN_OBJC_IMPLICIT_RETAIN_SELF = YES;
				CLANG_WARN_OBJC_LITERAL_CONVERSION = YES;
				CLANG_WARN_OBJC_ROOT_CLASS = YES_ERROR;
				CLANG_WARN_QUOTED_INCLUDE_IN_FRAMEWORK_HEADER = YES;
				CLANG_WARN_RANGE_LOOP_ANALYSIS = YES;
				CLANG_WARN_STRICT_PROTOTYPES = YES;
				CLANG_WARN_SUSPICIOUS_MOVE = YES;
				CLANG_WARN_UNGUARDED_AVAILABILITY = YES_AGGRESSIVE;
				CLANG_WARN_UNREACHABLE_CODE = YES;
				CLANG_WARN__DUPLICATE_METHOD_MATCH = YES;
				COPY_PHASE_STRIP = NO;
				DEBUG_INFORMATION_FORMAT = dwarf;
				ENABLE_STRICT_OBJC_MSGSEND = YES;
				ENABLE_TESTABILITY = YES;
				GCC_C_LANGUAGE_STANDARD = gnu11;
				GCC_DYNAMIC_NO_PIC = NO;
				GCC_NO_COMMON_BLOCKS = YES;
				GCC_OPTIMIZATION_LEVEL = 0;
				GCC_PREPROCESSOR_DEFINITIONS = (
					"DEBUG=1",
					"$(inherited)",
				);
				GCC_WARN_64_TO_32_BIT_CONVERSION = YES;
				GCC_WARN_ABOUT_RETURN_TYPE = YES_ERROR;
				GCC_WARN_UNDECLARED_SELECTOR = YES;
				GCC_WARN_UNINITIALIZED_AUTOS = YES_AGGRESSIVE;
				GCC_WARN_UNUSED_FUNCTION = YES;
				GCC_WARN_UNUSED_VARIABLE = YES;
				IPHONEOS_DEPLOYMENT_TARGET = 16.0;
				MTL_ENABLE_DEBUG_INFO = INCLUDE_SOURCE;
				MTL_FAST_MATH = YES;
				ONLY_ACTIVE_ARCH = YES;
				SDKROOT = iphoneos;
				SWIFT_ACTIVE_COMPILATION_CONDITIONS = DEBUG;
				SWIFT_OPTIMIZATION_LEVEL = "-Onone";
			};
			name = Debug;
		};
		AC5E5A1829780BE400290E31 /* Release */ = {
			isa = XCBuildConfiguration;
			buildSettings = {
				ALWAYS_SEARCH_USER_PATHS = NO;
				CLANG_ANALYZER_NONNULL = YES;
				CLANG_ANALYZER_NUMBER_OBJECT_CONVERSION = YES_AGGRESSIVE;
				CLANG_CXX_LANGUAGE_STANDARD = "gnu++20";
				CLANG_ENABLE_MODULES = YES;
				CLANG_ENABLE_OBJC_ARC = YES;
				CLANG_ENABLE_OBJC_WEAK = YES;
				CLANG_WARN_BLOCK_CAPTURE_AUTORELEASING = YES;
				CLANG_WARN_BOOL_CONVERSION = YES;
				CLANG_WARN_COMMA = YES;
				CLANG_WARN_CONSTANT_CONVERSION = YES;
				CLANG_WARN_DEPRECATED_OBJC_IMPLEMENTATIONS = YES;
				CLANG_WARN_DIRECT_OBJC_ISA_USAGE = YES_ERROR;
				CLANG_WARN_DOCUMENTATION_COMMENTS = YES;
				CLANG_WARN_EMPTY_BODY = YES;
				CLANG_WARN_ENUM_CONVERSION = YES;
				CLANG_WARN_INFINITE_RECURSION = YES;
				CLANG_WARN_INT_CONVERSION = YES;
				CLANG_WARN_NON_LITERAL_NULL_CONVERSION = YES;
				CLANG_WARN_OBJC_IMPLICIT_RETAIN_SELF = YES;
				CLANG_WARN_OBJC_LITERAL_CONVERSION = YES;
				CLANG_WARN_OBJC_ROOT_CLASS = YES_ERROR;
				CLANG_WARN_QUOTED_INCLUDE_IN_FRAMEWORK_HEADER = YES;
				CLANG_WARN_RANGE_LOOP_ANALYSIS = YES;
				CLANG_WARN_STRICT_PROTOTYPES = YES;
				CLANG_WARN_SUSPICIOUS_MOVE = YES;
				CLANG_WARN_UNGUARDED_AVAILABILITY = YES_AGGRESSIVE;
				CLANG_WARN_UNREACHABLE_CODE = YES;
				CLANG_WARN__DUPLICATE_METHOD_MATCH = YES;
				COPY_PHASE_STRIP = NO;
				DEBUG_INFORMATION_FORMAT = "dwarf-with-dsym";
				ENABLE_NS_ASSERTIONS = NO;
				ENABLE_STRICT_OBJC_MSGSEND = YES;
				GCC_C_LANGUAGE_STANDARD = gnu11;
				GCC_NO_COMMON_BLOCKS = YES;
				GCC_WARN_64_TO_32_BIT_CONVERSION = YES;
				GCC_WARN_ABOUT_RETURN_TYPE = YES_ERROR;
				GCC_WARN_UNDECLARED_SELECTOR = YES;
				GCC_WARN_UNINITIALIZED_AUTOS = YES_AGGRESSIVE;
				GCC_WARN_UNUSED_FUNCTION = YES;
				GCC_WARN_UNUSED_VARIABLE = YES;
				IPHONEOS_DEPLOYMENT_TARGET = 16.0;
				MTL_ENABLE_DEBUG_INFO = NO;
				MTL_FAST_MATH = YES;
				SDKROOT = iphoneos;
				SWIFT_COMPILATION_MODE = wholemodule;
				SWIFT_OPTIMIZATION_LEVEL = "-O";
				VALIDATE_PRODUCT = YES;
			};
			name = Release;
		};
		AC5E5A1A29780BE400290E31 /* Debug */ = {
			isa = XCBuildConfiguration;
			buildSettings = {
				ASSETCATALOG_COMPILER_APPICON_NAME = AppIcon;
				ASSETCATALOG_COMPILER_GLOBAL_ACCENT_COLOR_NAME = AccentColor;
				CODE_SIGN_STYLE = Automatic;
				CURRENT_PROJECT_VERSION = 1;
				DEVELOPMENT_ASSET_PATHS = "\"100Days/Preview Content\"";
				DEVELOPMENT_TEAM = A3954PK469;
				ENABLE_PREVIEWS = YES;
				GENERATE_INFOPLIST_FILE = YES;
				INFOPLIST_KEY_NSFaceIDUsageDescription = "We need to ulock your Data";
				INFOPLIST_KEY_NSPhotoLibraryAddUsageDescription = "We can save this image in Library";
				INFOPLIST_KEY_UIApplicationSceneManifest_Generation = YES;
				INFOPLIST_KEY_UIApplicationSupportsIndirectInputEvents = YES;
				INFOPLIST_KEY_UILaunchScreen_Generation = YES;
				INFOPLIST_KEY_UISupportedInterfaceOrientations_iPad = "UIInterfaceOrientationPortrait UIInterfaceOrientationPortraitUpsideDown UIInterfaceOrientationLandscapeLeft UIInterfaceOrientationLandscapeRight";
				INFOPLIST_KEY_UISupportedInterfaceOrientations_iPhone = "UIInterfaceOrientationPortrait UIInterfaceOrientationLandscapeLeft UIInterfaceOrientationLandscapeRight";
				LD_RUNPATH_SEARCH_PATHS = (
					"$(inherited)",
					"@executable_path/Frameworks",
				);
				MARKETING_VERSION = 1.0;
				PRODUCT_BUNDLE_IDENTIFIER = "com.aliaksandrbucha.-00Days";
				PRODUCT_NAME = "$(TARGET_NAME)";
				SWIFT_EMIT_LOC_STRINGS = YES;
				SWIFT_VERSION = 5.0;
				TARGETED_DEVICE_FAMILY = "1,2";
			};
			name = Debug;
		};
		AC5E5A1B29780BE400290E31 /* Release */ = {
			isa = XCBuildConfiguration;
			buildSettings = {
				ASSETCATALOG_COMPILER_APPICON_NAME = AppIcon;
				ASSETCATALOG_COMPILER_GLOBAL_ACCENT_COLOR_NAME = AccentColor;
				CODE_SIGN_STYLE = Automatic;
				CURRENT_PROJECT_VERSION = 1;
				DEVELOPMENT_ASSET_PATHS = "\"100Days/Preview Content\"";
				DEVELOPMENT_TEAM = A3954PK469;
				ENABLE_PREVIEWS = YES;
				GENERATE_INFOPLIST_FILE = YES;
				INFOPLIST_KEY_NSFaceIDUsageDescription = "We need to ulock your Data";
				INFOPLIST_KEY_NSPhotoLibraryAddUsageDescription = "We can save this image in Library";
				INFOPLIST_KEY_UIApplicationSceneManifest_Generation = YES;
				INFOPLIST_KEY_UIApplicationSupportsIndirectInputEvents = YES;
				INFOPLIST_KEY_UILaunchScreen_Generation = YES;
				INFOPLIST_KEY_UISupportedInterfaceOrientations_iPad = "UIInterfaceOrientationPortrait UIInterfaceOrientationPortraitUpsideDown UIInterfaceOrientationLandscapeLeft UIInterfaceOrientationLandscapeRight";
				INFOPLIST_KEY_UISupportedInterfaceOrientations_iPhone = "UIInterfaceOrientationPortrait UIInterfaceOrientationLandscapeLeft UIInterfaceOrientationLandscapeRight";
				LD_RUNPATH_SEARCH_PATHS = (
					"$(inherited)",
					"@executable_path/Frameworks",
				);
				MARKETING_VERSION = 1.0;
				PRODUCT_BUNDLE_IDENTIFIER = "com.aliaksandrbucha.-00Days";
				PRODUCT_NAME = "$(TARGET_NAME)";
				SWIFT_EMIT_LOC_STRINGS = YES;
				SWIFT_VERSION = 5.0;
				TARGETED_DEVICE_FAMILY = "1,2";
			};
			name = Release;
		};
		AC5E5A1D29780BE400290E31 /* Debug */ = {
			isa = XCBuildConfiguration;
			buildSettings = {
				ALWAYS_EMBED_SWIFT_STANDARD_LIBRARIES = YES;
				BUNDLE_LOADER = "$(TEST_HOST)";
				CODE_SIGN_STYLE = Automatic;
				CURRENT_PROJECT_VERSION = 1;
				DEVELOPMENT_TEAM = A3954PK469;
				GENERATE_INFOPLIST_FILE = YES;
				IPHONEOS_DEPLOYMENT_TARGET = 16.0;
				MARKETING_VERSION = 1.0;
				PRODUCT_BUNDLE_IDENTIFIER = "com.aliaksandrbucha.-00DaysTests";
				PRODUCT_NAME = "$(TARGET_NAME)";
				SWIFT_EMIT_LOC_STRINGS = NO;
				SWIFT_VERSION = 5.0;
				TARGETED_DEVICE_FAMILY = "1,2";
				TEST_HOST = "$(BUILT_PRODUCTS_DIR)/100Days.app/$(BUNDLE_EXECUTABLE_FOLDER_PATH)/100Days";
			};
			name = Debug;
		};
		AC5E5A1E29780BE400290E31 /* Release */ = {
			isa = XCBuildConfiguration;
			buildSettings = {
				ALWAYS_EMBED_SWIFT_STANDARD_LIBRARIES = YES;
				BUNDLE_LOADER = "$(TEST_HOST)";
				CODE_SIGN_STYLE = Automatic;
				CURRENT_PROJECT_VERSION = 1;
				DEVELOPMENT_TEAM = A3954PK469;
				GENERATE_INFOPLIST_FILE = YES;
				IPHONEOS_DEPLOYMENT_TARGET = 16.0;
				MARKETING_VERSION = 1.0;
				PRODUCT_BUNDLE_IDENTIFIER = "com.aliaksandrbucha.-00DaysTests";
				PRODUCT_NAME = "$(TARGET_NAME)";
				SWIFT_EMIT_LOC_STRINGS = NO;
				SWIFT_VERSION = 5.0;
				TARGETED_DEVICE_FAMILY = "1,2";
				TEST_HOST = "$(BUILT_PRODUCTS_DIR)/100Days.app/$(BUNDLE_EXECUTABLE_FOLDER_PATH)/100Days";
			};
			name = Release;
		};
		AC5E5A2029780BE400290E31 /* Debug */ = {
			isa = XCBuildConfiguration;
			buildSettings = {
				ALWAYS_EMBED_SWIFT_STANDARD_LIBRARIES = YES;
				CODE_SIGN_STYLE = Automatic;
				CURRENT_PROJECT_VERSION = 1;
				DEVELOPMENT_TEAM = A3954PK469;
				GENERATE_INFOPLIST_FILE = YES;
				MARKETING_VERSION = 1.0;
				PRODUCT_BUNDLE_IDENTIFIER = "com.aliaksandrbucha.-00DaysUITests";
				PRODUCT_NAME = "$(TARGET_NAME)";
				SWIFT_EMIT_LOC_STRINGS = NO;
				SWIFT_VERSION = 5.0;
				TARGETED_DEVICE_FAMILY = "1,2";
				TEST_TARGET_NAME = 100Days;
			};
			name = Debug;
		};
		AC5E5A2129780BE400290E31 /* Release */ = {
			isa = XCBuildConfiguration;
			buildSettings = {
				ALWAYS_EMBED_SWIFT_STANDARD_LIBRARIES = YES;
				CODE_SIGN_STYLE = Automatic;
				CURRENT_PROJECT_VERSION = 1;
				DEVELOPMENT_TEAM = A3954PK469;
				GENERATE_INFOPLIST_FILE = YES;
				MARKETING_VERSION = 1.0;
				PRODUCT_BUNDLE_IDENTIFIER = "com.aliaksandrbucha.-00DaysUITests";
				PRODUCT_NAME = "$(TARGET_NAME)";
				SWIFT_EMIT_LOC_STRINGS = NO;
				SWIFT_VERSION = 5.0;
				TARGETED_DEVICE_FAMILY = "1,2";
				TEST_TARGET_NAME = 100Days;
			};
			name = Release;
		};
/* End XCBuildConfiguration section */

/* Begin XCConfigurationList section */
		AC5E59F029780BE400290E31 /* Build configuration list for PBXProject "100Days" */ = {
			isa = XCConfigurationList;
			buildConfigurations = (
				AC5E5A1729780BE400290E31 /* Debug */,
				AC5E5A1829780BE400290E31 /* Release */,
			);
			defaultConfigurationIsVisible = 0;
			defaultConfigurationName = Release;
		};
		AC5E5A1929780BE400290E31 /* Build configuration list for PBXNativeTarget "100Days" */ = {
			isa = XCConfigurationList;
			buildConfigurations = (
				AC5E5A1A29780BE400290E31 /* Debug */,
				AC5E5A1B29780BE400290E31 /* Release */,
			);
			defaultConfigurationIsVisible = 0;
			defaultConfigurationName = Release;
		};
		AC5E5A1C29780BE400290E31 /* Build configuration list for PBXNativeTarget "100DaysTests" */ = {
			isa = XCConfigurationList;
			buildConfigurations = (
				AC5E5A1D29780BE400290E31 /* Debug */,
				AC5E5A1E29780BE400290E31 /* Release */,
			);
			defaultConfigurationIsVisible = 0;
			defaultConfigurationName = Release;
		};
		AC5E5A1F29780BE400290E31 /* Build configuration list for PBXNativeTarget "100DaysUITests" */ = {
			isa = XCConfigurationList;
			buildConfigurations = (
				AC5E5A2029780BE400290E31 /* Debug */,
				AC5E5A2129780BE400290E31 /* Release */,
			);
			defaultConfigurationIsVisible = 0;
			defaultConfigurationName = Release;
		};
/* End XCConfigurationList section */
	};
	rootObject = AC5E59ED29780BE400290E31 /* Project object */;
}
